{
  "version": 4,
  "terraform_version": "1.1.0",
  "serial": 93,
  "lineage": "11c6aa19-70a6-56ad-4ef1-c1303b9ba20c",
  "outputs": {
    "url": {
      "value": "http://34.149.0.197",
      "type": "string"
    }
  },
  "resources": [
    {
      "mode": "data",
      "type": "google_cloud_run_locations",
      "name": "default",
      "provider": "provider[\"registry.terraform.io/hashicorp/google\"]",
      "instances": [
        {
          "schema_version": 0,
          "attributes": {
            "id": "projects/cloudy-lab",
            "locations": [
              "asia-east1",
              "asia-east2",
              "asia-northeast1",
              "asia-northeast2",
              "asia-northeast3",
              "asia-south1",
              "asia-south2",
              "asia-southeast1",
              "asia-southeast2",
              "australia-southeast1",
              "australia-southeast2",
              "europe-central2",
              "europe-north1",
              "europe-west1",
              "europe-west2",
              "europe-west3",
              "europe-west4",
              "europe-west6",
              "northamerica-northeast1",
              "northamerica-northeast2",
              "southamerica-east1",
              "southamerica-west1",
              "us-central1",
              "us-east1",
              "us-east4",
              "us-west1",
              "us-west2",
              "us-west3",
              "us-west4"
            ],
            "project": "cloudy-lab"
          },
          "sensitive_attributes": []
        }
      ]
    },
    {
      "mode": "managed",
      "type": "google_cloud_run_service",
      "name": "default",
      "provider": "provider[\"registry.terraform.io/hashicorp/google\"]",
      "instances": [
        {
          "index_key": "asia-east1",
          "schema_version": 1,
          "attributes": {
            "autogenerate_revision_name": false,
            "id": "locations/asia-east1/namespaces/cloudy-lab/services/restme--asia-east1",
            "location": "asia-east1",
            "metadata": [
              {
                "annotations": {
                  "run.googleapis.com/ingress": "all",
                  "run.googleapis.com/ingress-status": "all",
                  "serving.knative.dev/creator": "mark@chmarny.com",
                  "serving.knative.dev/lastModifier": "mark@chmarny.com"
                },
                "generation": 1,
                "labels": {
                  "cloud.googleapis.com/location": "asia-east1"
                },
                "namespace": "cloudy-lab",
                "resource_version": "AAXTJHfgxZU",
                "self_link": "/apis/serving.knative.dev/v1/namespaces/756793645202/services/restme--asia-east1",
                "uid": "d35d5b3b-787f-40fb-88d5-19fab0250430"
              }
            ],
            "name": "restme--asia-east1",
            "project": "cloudy-lab",
            "status": [
              {
                "conditions": [
                  {
                    "message": "",
                    "reason": "",
                    "status": "True",
                    "type": "Ready"
                  },
                  {
                    "message": "",
                    "reason": "",
                    "status": "True",
                    "type": "ConfigurationsReady"
                  },
                  {
                    "message": "",
                    "reason": "",
                    "status": "True",
                    "type": "RoutesReady"
                  }
                ],
                "latest_created_revision_name": "restme--asia-east1-xmj9t",
                "latest_ready_revision_name": "restme--asia-east1-xmj9t",
                "observed_generation": 1,
                "url": "https://restme--asia-east1-7le7pmvzfq-de.a.run.app"
              }
            ],
            "template": [
              {
                "metadata": [
                  {
                    "annotations": {
                      "autoscaling.knative.dev/maxScale": "100"
                    },
                    "generation": 0,
                    "labels": {},
                    "name": "",
                    "namespace": "",
                    "resource_version": "",
                    "self_link": "",
                    "uid": ""
                  }
                ],
                "spec": [
                  {
                    "container_concurrency": 80,
                    "containers": [
                      {
                        "args": null,
                        "command": null,
                        "env": [
                          {
                            "name": "ADDRESS",
                            "value": ":8080"
                          },
                          {
                            "name": "GIN_MODE",
                            "value": "release"
                          },
                          {
                            "name": "LOG_LEVEL",
                            "value": "debug"
                          }
                        ],
                        "env_from": [],
                        "image": "gcr.io/cloudy-lab/restme",
                        "ports": [
                          {
                            "container_port": 8080,
                            "name": "http1",
                            "protocol": ""
                          }
                        ],
                        "resources": [
                          {
                            "limits": {
                              "cpu": "1000m",
                              "memory": "512Mi"
                            },
                            "requests": {}
                          }
                        ],
                        "working_dir": ""
                      }
                    ],
                    "service_account_name": "",
                    "serving_state": "",
                    "timeout_seconds": 300
                  }
                ]
              }
            ],
            "timeouts": null,
            "traffic": [
              {
                "latest_revision": true,
                "percent": 100,
                "revision_name": ""
              }
            ]
          },
          "sensitive_attributes": [],
          "private": "eyJlMmJmYjczMC1lY2FhLTExZTYtOGY4OC0zNDM2M2JjN2M0YzAiOnsiY3JlYXRlIjozNjAwMDAwMDAwMDAsImRlbGV0ZSI6MjQwMDAwMDAwMDAwLCJ1cGRhdGUiOjkwMDAwMDAwMDAwMH0sInNjaGVtYV92ZXJzaW9uIjoiMSJ9",
          "dependencies": [
            "data.google_cloud_run_locations.default"
          ]
        },
        {
          "index_key": "asia-east2",
          "schema_version": 1,
          "attributes": {
            "autogenerate_revision_name": false,
            "id": "locations/asia-east2/namespaces/cloudy-lab/services/restme--asia-east2",
            "location": "asia-east2",
            "metadata": [
              {
                "annotations": {
                  "run.googleapis.com/ingress": "all",
                  "run.googleapis.com/ingress-status": "all",
                  "serving.knative.dev/creator": "mark@chmarny.com",
                  "serving.knative.dev/lastModifier": "mark@chmarny.com"
                },
                "generation": 1,
                "labels": {
                  "cloud.googleapis.com/location": "asia-east2"
                },
                "namespace": "cloudy-lab",
                "resource_version": "AAXTJHlIqnk",
                "self_link": "/apis/serving.knative.dev/v1/namespaces/756793645202/services/restme--asia-east2",
                "uid": "7cf35986-d451-4894-b9d2-f37932bd15b7"
              }
            ],
            "name": "restme--asia-east2",
            "project": "cloudy-lab",
            "status": [
              {
                "conditions": [
                  {
                    "message": "",
                    "reason": "",
                    "status": "True",
                    "type": "Ready"
                  },
                  {
                    "message": "",
                    "reason": "",
                    "status": "True",
                    "type": "ConfigurationsReady"
                  },
                  {
                    "message": "",
                    "reason": "",
                    "status": "True",
                    "type": "RoutesReady"
                  }
                ],
                "latest_created_revision_name": "restme--asia-east2-dtcvj",
                "latest_ready_revision_name": "restme--asia-east2-dtcvj",
                "observed_generation": 1,
                "url": "https://restme--asia-east2-7le7pmvzfq-df.a.run.app"
              }
            ],
            "template": [
              {
                "metadata": [
                  {
                    "annotations": {
                      "autoscaling.knative.dev/maxScale": "100"
                    },
                    "generation": 0,
                    "labels": {},
                    "name": "",
                    "namespace": "",
                    "resource_version": "",
                    "self_link": "",
                    "uid": ""
                  }
                ],
                "spec": [
                  {
                    "container_concurrency": 80,
                    "containers": [
                      {
                        "args": null,
                        "command": null,
                        "env": [
                          {
                            "name": "ADDRESS",
                            "value": ":8080"
                          },
                          {
                            "name": "GIN_MODE",
                            "value": "release"
                          },
                          {
                            "name": "LOG_LEVEL",
                            "value": "debug"
                          }
                        ],
                        "env_from": [],
                        "image": "gcr.io/cloudy-lab/restme",
                        "ports": [
                          {
                            "container_port": 8080,
                            "name": "http1",
                            "protocol": ""
                          }
                        ],
                        "resources": [
                          {
                            "limits": {
                              "cpu": "1000m",
                              "memory": "512Mi"
                            },
                            "requests": {}
                          }
                        ],
                        "working_dir": ""
                      }
                    ],
                    "service_account_name": "",
                    "serving_state": "",
                    "timeout_seconds": 300
                  }
                ]
              }
            ],
            "timeouts": null,
            "traffic": [
              {
                "latest_revision": true,
                "percent": 100,
                "revision_name": ""
              }
            ]
          },
          "sensitive_attributes": [],
          "private": "eyJlMmJmYjczMC1lY2FhLTExZTYtOGY4OC0zNDM2M2JjN2M0YzAiOnsiY3JlYXRlIjozNjAwMDAwMDAwMDAsImRlbGV0ZSI6MjQwMDAwMDAwMDAwLCJ1cGRhdGUiOjkwMDAwMDAwMDAwMH0sInNjaGVtYV92ZXJzaW9uIjoiMSJ9",
          "dependencies": [
            "data.google_cloud_run_locations.default"
          ]
        },
        {
          "index_key": "asia-northeast1",
          "schema_version": 1,
          "attributes": {
            "autogenerate_revision_name": false,
            "id": "locations/asia-northeast1/namespaces/cloudy-lab/services/restme--asia-northeast1",
            "location": "asia-northeast1",
            "metadata": [
              {
                "annotations": {
                  "run.googleapis.com/ingress": "all",
                  "run.googleapis.com/ingress-status": "all",
                  "serving.knative.dev/creator": "mark@chmarny.com",
                  "serving.knative.dev/lastModifier": "mark@chmarny.com"
                },
                "generation": 1,
                "labels": {
                  "cloud.googleapis.com/location": "asia-northeast1"
                },
                "namespace": "cloudy-lab",
                "resource_version": "AAXTJHgPsSo",
                "self_link": "/apis/serving.knative.dev/v1/namespaces/756793645202/services/restme--asia-northeast1",
                "uid": "aee2eb13-9f91-4999-a4ac-89af88b2c7e8"
              }
            ],
            "name": "restme--asia-northeast1",
            "project": "cloudy-lab",
            "status": [
              {
                "conditions": [
                  {
                    "message": "",
                    "reason": "",
                    "status": "True",
                    "type": "Ready"
                  },
                  {
                    "message": "",
                    "reason": "",
                    "status": "True",
                    "type": "ConfigurationsReady"
                  },
                  {
                    "message": "",
                    "reason": "",
                    "status": "True",
                    "type": "RoutesReady"
                  }
                ],
                "latest_created_revision_name": "restme--asia-northeast1-gvwsv",
                "latest_ready_revision_name": "restme--asia-northeast1-gvwsv",
                "observed_generation": 1,
                "url": "https://restme--asia-northeast1-7le7pmvzfq-an.a.run.app"
              }
            ],
            "template": [
              {
                "metadata": [
                  {
                    "annotations": {
                      "autoscaling.knative.dev/maxScale": "100"
                    },
                    "generation": 0,
                    "labels": {},
                    "name": "",
                    "namespace": "",
                    "resource_version": "",
                    "self_link": "",
                    "uid": ""
                  }
                ],
                "spec": [
                  {
                    "container_concurrency": 80,
                    "containers": [
                      {
                        "args": null,
                        "command": null,
                        "env": [
                          {
                            "name": "ADDRESS",
                            "value": ":8080"
                          },
                          {
                            "name": "GIN_MODE",
                            "value": "release"
                          },
                          {
                            "name": "LOG_LEVEL",
                            "value": "debug"
                          }
                        ],
                        "env_from": [],
                        "image": "gcr.io/cloudy-lab/restme",
                        "ports": [
                          {
                            "container_port": 8080,
                            "name": "http1",
                            "protocol": ""
                          }
                        ],
                        "resources": [
                          {
                            "limits": {
                              "cpu": "1000m",
                              "memory": "512Mi"
                            },
                            "requests": {}
                          }
                        ],
                        "working_dir": ""
                      }
                    ],
                    "service_account_name": "",
                    "serving_state": "",
                    "timeout_seconds": 300
                  }
                ]
              }
            ],
            "timeouts": null,
            "traffic": [
              {
                "latest_revision": true,
                "percent": 100,
                "revision_name": ""
              }
            ]
          },
          "sensitive_attributes": [],
          "private": "eyJlMmJmYjczMC1lY2FhLTExZTYtOGY4OC0zNDM2M2JjN2M0YzAiOnsiY3JlYXRlIjozNjAwMDAwMDAwMDAsImRlbGV0ZSI6MjQwMDAwMDAwMDAwLCJ1cGRhdGUiOjkwMDAwMDAwMDAwMH0sInNjaGVtYV92ZXJzaW9uIjoiMSJ9",
          "dependencies": [
            "data.google_cloud_run_locations.default"
          ]
        },
        {
          "index_key": "asia-northeast2",
          "schema_version": 1,
          "attributes": {
            "autogenerate_revision_name": false,
            "id": "locations/asia-northeast2/namespaces/cloudy-lab/services/restme--asia-northeast2",
            "location": "asia-northeast2",
            "metadata": [
              {
                "annotations": {
                  "run.googleapis.com/ingress": "all",
                  "run.googleapis.com/ingress-status": "all",
                  "serving.knative.dev/creator": "mark@chmarny.com",
                  "serving.knative.dev/lastModifier": "mark@chmarny.com"
                },
                "generation": 1,
                "labels": {
                  "cloud.googleapis.com/location": "asia-northeast2"
                },
                "namespace": "cloudy-lab",
                "resource_version": "AAXTJHVKJMs",
                "self_link": "/apis/serving.knative.dev/v1/namespaces/756793645202/services/restme--asia-northeast2",
                "uid": "121ed049-468d-4010-80d7-9aa78c798cd1"
              }
            ],
            "name": "restme--asia-northeast2",
            "project": "cloudy-lab",
            "status": [
              {
                "conditions": [
                  {
                    "message": "",
                    "reason": "",
                    "status": "True",
                    "type": "Ready"
                  },
                  {
                    "message": "",
                    "reason": "",
                    "status": "True",
                    "type": "ConfigurationsReady"
                  },
                  {
                    "message": "",
                    "reason": "",
                    "status": "True",
                    "type": "RoutesReady"
                  }
                ],
                "latest_created_revision_name": "restme--asia-northeast2-xdqbp",
                "latest_ready_revision_name": "restme--asia-northeast2-xdqbp",
                "observed_generation": 1,
                "url": "https://restme--asia-northeast2-7le7pmvzfq-dt.a.run.app"
              }
            ],
            "template": [
              {
                "metadata": [
                  {
                    "annotations": {
                      "autoscaling.knative.dev/maxScale": "100"
                    },
                    "generation": 0,
                    "labels": {},
                    "name": "",
                    "namespace": "",
                    "resource_version": "",
                    "self_link": "",
                    "uid": ""
                  }
                ],
                "spec": [
                  {
                    "container_concurrency": 80,
                    "containers": [
                      {
                        "args": null,
                        "command": null,
                        "env": [
                          {
                            "name": "ADDRESS",
                            "value": ":8080"
                          },
                          {
                            "name": "GIN_MODE",
                            "value": "release"
                          },
                          {
                            "name": "LOG_LEVEL",
                            "value": "debug"
                          }
                        ],
                        "env_from": [],
                        "image": "gcr.io/cloudy-lab/restme",
                        "ports": [
                          {
                            "container_port": 8080,
                            "name": "http1",
                            "protocol": ""
                          }
                        ],
                        "resources": [
                          {
                            "limits": {
                              "cpu": "1000m",
                              "memory": "512Mi"
                            },
                            "requests": {}
                          }
                        ],
                        "working_dir": ""
                      }
                    ],
                    "service_account_name": "",
                    "serving_state": "",
                    "timeout_seconds": 300
                  }
                ]
              }
            ],
            "timeouts": null,
            "traffic": [
              {
                "latest_revision": true,
                "percent": 100,
                "revision_name": ""
              }
            ]
          },
          "sensitive_attributes": [],
          "private": "eyJlMmJmYjczMC1lY2FhLTExZTYtOGY4OC0zNDM2M2JjN2M0YzAiOnsiY3JlYXRlIjozNjAwMDAwMDAwMDAsImRlbGV0ZSI6MjQwMDAwMDAwMDAwLCJ1cGRhdGUiOjkwMDAwMDAwMDAwMH0sInNjaGVtYV92ZXJzaW9uIjoiMSJ9",
          "dependencies": [
            "data.google_cloud_run_locations.default"
          ]
        },
        {
          "index_key": "asia-northeast3",
          "schema_version": 1,
          "attributes": {
            "autogenerate_revision_name": false,
            "id": "locations/asia-northeast3/namespaces/cloudy-lab/services/restme--asia-northeast3",
            "location": "asia-northeast3",
            "metadata": [
              {
                "annotations": {
                  "run.googleapis.com/ingress": "all",
                  "run.googleapis.com/ingress-status": "all",
                  "serving.knative.dev/creator": "mark@chmarny.com",
                  "serving.knative.dev/lastModifier": "mark@chmarny.com"
                },
                "generation": 1,
                "labels": {
                  "cloud.googleapis.com/location": "asia-northeast3"
                },
                "namespace": "cloudy-lab",
                "resource_version": "AAXTJHU4qPc",
                "self_link": "/apis/serving.knative.dev/v1/namespaces/756793645202/services/restme--asia-northeast3",
                "uid": "d5182996-6eb0-45e9-8069-25120fb842bf"
              }
            ],
            "name": "restme--asia-northeast3",
            "project": "cloudy-lab",
            "status": [
              {
                "conditions": [
                  {
                    "message": "",
                    "reason": "",
                    "status": "True",
                    "type": "Ready"
                  },
                  {
                    "message": "",
                    "reason": "",
                    "status": "True",
                    "type": "ConfigurationsReady"
                  },
                  {
                    "message": "",
                    "reason": "",
                    "status": "True",
                    "type": "RoutesReady"
                  }
                ],
                "latest_created_revision_name": "restme--asia-northeast3-86zh8",
                "latest_ready_revision_name": "restme--asia-northeast3-86zh8",
                "observed_generation": 1,
                "url": "https://restme--asia-northeast3-7le7pmvzfq-du.a.run.app"
              }
            ],
            "template": [
              {
                "metadata": [
                  {
                    "annotations": {
                      "autoscaling.knative.dev/maxScale": "100"
                    },
                    "generation": 0,
                    "labels": {},
                    "name": "",
                    "namespace": "",
                    "resource_version": "",
                    "self_link": "",
                    "uid": ""
                  }
                ],
                "spec": [
                  {
                    "container_concurrency": 80,
                    "containers": [
                      {
                        "args": null,
                        "command": null,
                        "env": [
                          {
                            "name": "ADDRESS",
                            "value": ":8080"
                          },
                          {
                            "name": "GIN_MODE",
                            "value": "release"
                          },
                          {
                            "name": "LOG_LEVEL",
                            "value": "debug"
                          }
                        ],
                        "env_from": [],
                        "image": "gcr.io/cloudy-lab/restme",
                        "ports": [
                          {
                            "container_port": 8080,
                            "name": "http1",
                            "protocol": ""
                          }
                        ],
                        "resources": [
                          {
                            "limits": {
                              "cpu": "1000m",
                              "memory": "512Mi"
                            },
                            "requests": {}
                          }
                        ],
                        "working_dir": ""
                      }
                    ],
                    "service_account_name": "",
                    "serving_state": "",
                    "timeout_seconds": 300
                  }
                ]
              }
            ],
            "timeouts": null,
            "traffic": [
              {
                "latest_revision": true,
                "percent": 100,
                "revision_name": ""
              }
            ]
          },
          "sensitive_attributes": [],
          "private": "eyJlMmJmYjczMC1lY2FhLTExZTYtOGY4OC0zNDM2M2JjN2M0YzAiOnsiY3JlYXRlIjozNjAwMDAwMDAwMDAsImRlbGV0ZSI6MjQwMDAwMDAwMDAwLCJ1cGRhdGUiOjkwMDAwMDAwMDAwMH0sInNjaGVtYV92ZXJzaW9uIjoiMSJ9",
          "dependencies": [
            "data.google_cloud_run_locations.default"
          ]
        },
        {
          "index_key": "asia-south1",
          "schema_version": 1,
          "attributes": {
            "autogenerate_revision_name": false,
            "id": "locations/asia-south1/namespaces/cloudy-lab/services/restme--asia-south1",
            "location": "asia-south1",
            "metadata": [
              {
                "annotations": {
                  "run.googleapis.com/ingress": "all",
                  "run.googleapis.com/ingress-status": "all",
                  "serving.knative.dev/creator": "mark@chmarny.com",
                  "serving.knative.dev/lastModifier": "mark@chmarny.com"
                },
                "generation": 1,
                "labels": {
                  "cloud.googleapis.com/location": "asia-south1"
                },
                "namespace": "cloudy-lab",
                "resource_version": "AAXTJHVzqLY",
                "self_link": "/apis/serving.knative.dev/v1/namespaces/756793645202/services/restme--asia-south1",
                "uid": "3270eb69-c277-47dc-b496-716792062bd0"
              }
            ],
            "name": "restme--asia-south1",
            "project": "cloudy-lab",
            "status": [
              {
                "conditions": [
                  {
                    "message": "",
                    "reason": "",
                    "status": "True",
                    "type": "Ready"
                  },
                  {
                    "message": "",
                    "reason": "",
                    "status": "True",
                    "type": "ConfigurationsReady"
                  },
                  {
                    "message": "",
                    "reason": "",
                    "status": "True",
                    "type": "RoutesReady"
                  }
                ],
                "latest_created_revision_name": "restme--asia-south1-qlmlg",
                "latest_ready_revision_name": "restme--asia-south1-qlmlg",
                "observed_generation": 1,
                "url": "https://restme--asia-south1-7le7pmvzfq-el.a.run.app"
              }
            ],
            "template": [
              {
                "metadata": [
                  {
                    "annotations": {
                      "autoscaling.knative.dev/maxScale": "100"
                    },
                    "generation": 0,
                    "labels": {},
                    "name": "",
                    "namespace": "",
                    "resource_version": "",
                    "self_link": "",
                    "uid": ""
                  }
                ],
                "spec": [
                  {
                    "container_concurrency": 80,
                    "containers": [
                      {
                        "args": null,
                        "command": null,
                        "env": [
                          {
                            "name": "ADDRESS",
                            "value": ":8080"
                          },
                          {
                            "name": "GIN_MODE",
                            "value": "release"
                          },
                          {
                            "name": "LOG_LEVEL",
                            "value": "debug"
                          }
                        ],
                        "env_from": [],
                        "image": "gcr.io/cloudy-lab/restme",
                        "ports": [
                          {
                            "container_port": 8080,
                            "name": "http1",
                            "protocol": ""
                          }
                        ],
                        "resources": [
                          {
                            "limits": {
                              "cpu": "1000m",
                              "memory": "512Mi"
                            },
                            "requests": {}
                          }
                        ],
                        "working_dir": ""
                      }
                    ],
                    "service_account_name": "",
                    "serving_state": "",
                    "timeout_seconds": 300
                  }
                ]
              }
            ],
            "timeouts": null,
            "traffic": [
              {
                "latest_revision": true,
                "percent": 100,
                "revision_name": ""
              }
            ]
          },
          "sensitive_attributes": [],
          "private": "eyJlMmJmYjczMC1lY2FhLTExZTYtOGY4OC0zNDM2M2JjN2M0YzAiOnsiY3JlYXRlIjozNjAwMDAwMDAwMDAsImRlbGV0ZSI6MjQwMDAwMDAwMDAwLCJ1cGRhdGUiOjkwMDAwMDAwMDAwMH0sInNjaGVtYV92ZXJzaW9uIjoiMSJ9",
          "dependencies": [
            "data.google_cloud_run_locations.default"
          ]
        },
        {
          "index_key": "asia-south2",
          "schema_version": 1,
          "attributes": {
            "autogenerate_revision_name": false,
            "id": "locations/asia-south2/namespaces/cloudy-lab/services/restme--asia-south2",
            "location": "asia-south2",
            "metadata": [
              {
                "annotations": {
                  "run.googleapis.com/ingress": "all",
                  "run.googleapis.com/ingress-status": "all",
                  "serving.knative.dev/creator": "mark@chmarny.com",
                  "serving.knative.dev/lastModifier": "mark@chmarny.com"
                },
                "generation": 1,
                "labels": {
                  "cloud.googleapis.com/location": "asia-south2"
                },
                "namespace": "cloudy-lab",
                "resource_version": "AAXTJHY8Qns",
                "self_link": "/apis/serving.knative.dev/v1/namespaces/756793645202/services/restme--asia-south2",
                "uid": "3759b362-d931-4581-947b-2feb17e05fdc"
              }
            ],
            "name": "restme--asia-south2",
            "project": "cloudy-lab",
            "status": [
              {
                "conditions": [
                  {
                    "message": "",
                    "reason": "",
                    "status": "True",
                    "type": "Ready"
                  },
                  {
                    "message": "",
                    "reason": "",
                    "status": "True",
                    "type": "ConfigurationsReady"
                  },
                  {
                    "message": "",
                    "reason": "",
                    "status": "True",
                    "type": "RoutesReady"
                  }
                ],
                "latest_created_revision_name": "restme--asia-south2-67c6n",
                "latest_ready_revision_name": "restme--asia-south2-67c6n",
                "observed_generation": 1,
                "url": "https://restme--asia-south2-7le7pmvzfq-em.a.run.app"
              }
            ],
            "template": [
              {
                "metadata": [
                  {
                    "annotations": {
                      "autoscaling.knative.dev/maxScale": "100"
                    },
                    "generation": 0,
                    "labels": {},
                    "name": "",
                    "namespace": "",
                    "resource_version": "",
                    "self_link": "",
                    "uid": ""
                  }
                ],
                "spec": [
                  {
                    "container_concurrency": 80,
                    "containers": [
                      {
                        "args": null,
                        "command": null,
                        "env": [
                          {
                            "name": "ADDRESS",
                            "value": ":8080"
                          },
                          {
                            "name": "GIN_MODE",
                            "value": "release"
                          },
                          {
                            "name": "LOG_LEVEL",
                            "value": "debug"
                          }
                        ],
                        "env_from": [],
                        "image": "gcr.io/cloudy-lab/restme",
                        "ports": [
                          {
                            "container_port": 8080,
                            "name": "http1",
                            "protocol": ""
                          }
                        ],
                        "resources": [
                          {
                            "limits": {
                              "cpu": "1000m",
                              "memory": "512Mi"
                            },
                            "requests": {}
                          }
                        ],
                        "working_dir": ""
                      }
                    ],
                    "service_account_name": "",
                    "serving_state": "",
                    "timeout_seconds": 300
                  }
                ]
              }
            ],
            "timeouts": null,
            "traffic": [
              {
                "latest_revision": true,
                "percent": 100,
                "revision_name": ""
              }
            ]
          },
          "sensitive_attributes": [],
          "private": "eyJlMmJmYjczMC1lY2FhLTExZTYtOGY4OC0zNDM2M2JjN2M0YzAiOnsiY3JlYXRlIjozNjAwMDAwMDAwMDAsImRlbGV0ZSI6MjQwMDAwMDAwMDAwLCJ1cGRhdGUiOjkwMDAwMDAwMDAwMH0sInNjaGVtYV92ZXJzaW9uIjoiMSJ9",
          "dependencies": [
            "data.google_cloud_run_locations.default"
          ]
        },
        {
          "index_key": "asia-southeast1",
          "schema_version": 1,
          "attributes": {
            "autogenerate_revision_name": false,
            "id": "locations/asia-southeast1/namespaces/cloudy-lab/services/restme--asia-southeast1",
            "location": "asia-southeast1",
            "metadata": [
              {
                "annotations": {
                  "run.googleapis.com/ingress": "all",
                  "run.googleapis.com/ingress-status": "all",
                  "serving.knative.dev/creator": "mark@chmarny.com",
                  "serving.knative.dev/lastModifier": "mark@chmarny.com"
                },
                "generation": 1,
                "labels": {
                  "cloud.googleapis.com/location": "asia-southeast1"
                },
                "namespace": "cloudy-lab",
                "resource_version": "AAXTJHm7DBg",
                "self_link": "/apis/serving.knative.dev/v1/namespaces/756793645202/services/restme--asia-southeast1",
                "uid": "779ff2d4-d6f4-4004-9f57-7f3e219f5189"
              }
            ],
            "name": "restme--asia-southeast1",
            "project": "cloudy-lab",
            "status": [
              {
                "conditions": [
                  {
                    "message": "",
                    "reason": "",
                    "status": "True",
                    "type": "Ready"
                  },
                  {
                    "message": "",
                    "reason": "",
                    "status": "True",
                    "type": "ConfigurationsReady"
                  },
                  {
                    "message": "",
                    "reason": "",
                    "status": "True",
                    "type": "RoutesReady"
                  }
                ],
                "latest_created_revision_name": "restme--asia-southeast1-h78vl",
                "latest_ready_revision_name": "restme--asia-southeast1-h78vl",
                "observed_generation": 1,
                "url": "https://restme--asia-southeast1-7le7pmvzfq-as.a.run.app"
              }
            ],
            "template": [
              {
                "metadata": [
                  {
                    "annotations": {
                      "autoscaling.knative.dev/maxScale": "100"
                    },
                    "generation": 0,
                    "labels": {},
                    "name": "",
                    "namespace": "",
                    "resource_version": "",
                    "self_link": "",
                    "uid": ""
                  }
                ],
                "spec": [
                  {
                    "container_concurrency": 80,
                    "containers": [
                      {
                        "args": null,
                        "command": null,
                        "env": [
                          {
                            "name": "ADDRESS",
                            "value": ":8080"
                          },
                          {
                            "name": "GIN_MODE",
                            "value": "release"
                          },
                          {
                            "name": "LOG_LEVEL",
                            "value": "debug"
                          }
                        ],
                        "env_from": [],
                        "image": "gcr.io/cloudy-lab/restme",
                        "ports": [
                          {
                            "container_port": 8080,
                            "name": "http1",
                            "protocol": ""
                          }
                        ],
                        "resources": [
                          {
                            "limits": {
                              "cpu": "1000m",
                              "memory": "512Mi"
                            },
                            "requests": {}
                          }
                        ],
                        "working_dir": ""
                      }
                    ],
                    "service_account_name": "",
                    "serving_state": "",
                    "timeout_seconds": 300
                  }
                ]
              }
            ],
            "timeouts": null,
            "traffic": [
              {
                "latest_revision": true,
                "percent": 100,
                "revision_name": ""
              }
            ]
          },
          "sensitive_attributes": [],
          "private": "eyJlMmJmYjczMC1lY2FhLTExZTYtOGY4OC0zNDM2M2JjN2M0YzAiOnsiY3JlYXRlIjozNjAwMDAwMDAwMDAsImRlbGV0ZSI6MjQwMDAwMDAwMDAwLCJ1cGRhdGUiOjkwMDAwMDAwMDAwMH0sInNjaGVtYV92ZXJzaW9uIjoiMSJ9",
          "dependencies": [
            "data.google_cloud_run_locations.default"
          ]
        },
        {
          "index_key": "asia-southeast2",
          "schema_version": 1,
          "attributes": {
            "autogenerate_revision_name": false,
            "id": "locations/asia-southeast2/namespaces/cloudy-lab/services/restme--asia-southeast2",
            "location": "asia-southeast2",
            "metadata": [
              {
                "annotations": {
                  "run.googleapis.com/ingress": "all",
                  "run.googleapis.com/ingress-status": "all",
                  "serving.knative.dev/creator": "mark@chmarny.com",
                  "serving.knative.dev/lastModifier": "mark@chmarny.com"
                },
                "generation": 1,
                "labels": {
                  "cloud.googleapis.com/location": "asia-southeast2"
                },
                "namespace": "cloudy-lab",
                "resource_version": "AAXTJHdc4wY",
                "self_link": "/apis/serving.knative.dev/v1/namespaces/756793645202/services/restme--asia-southeast2",
                "uid": "b5222df0-5f5d-4f33-9fcd-98798a26094f"
              }
            ],
            "name": "restme--asia-southeast2",
            "project": "cloudy-lab",
            "status": [
              {
                "conditions": [
                  {
                    "message": "",
                    "reason": "",
                    "status": "True",
                    "type": "Ready"
                  },
                  {
                    "message": "",
                    "reason": "",
                    "status": "True",
                    "type": "ConfigurationsReady"
                  },
                  {
                    "message": "",
                    "reason": "",
                    "status": "True",
                    "type": "RoutesReady"
                  }
                ],
                "latest_created_revision_name": "restme--asia-southeast2-fzkpj",
                "latest_ready_revision_name": "restme--asia-southeast2-fzkpj",
                "observed_generation": 1,
                "url": "https://restme--asia-southeast2-7le7pmvzfq-et.a.run.app"
              }
            ],
            "template": [
              {
                "metadata": [
                  {
                    "annotations": {
                      "autoscaling.knative.dev/maxScale": "100"
                    },
                    "generation": 0,
                    "labels": {},
                    "name": "",
                    "namespace": "",
                    "resource_version": "",
                    "self_link": "",
                    "uid": ""
                  }
                ],
                "spec": [
                  {
                    "container_concurrency": 80,
                    "containers": [
                      {
                        "args": null,
                        "command": null,
                        "env": [
                          {
                            "name": "ADDRESS",
                            "value": ":8080"
                          },
                          {
                            "name": "GIN_MODE",
                            "value": "release"
                          },
                          {
                            "name": "LOG_LEVEL",
                            "value": "debug"
                          }
                        ],
                        "env_from": [],
                        "image": "gcr.io/cloudy-lab/restme",
                        "ports": [
                          {
                            "container_port": 8080,
                            "name": "http1",
                            "protocol": ""
                          }
                        ],
                        "resources": [
                          {
                            "limits": {
                              "cpu": "1000m",
                              "memory": "512Mi"
                            },
                            "requests": {}
                          }
                        ],
                        "working_dir": ""
                      }
                    ],
                    "service_account_name": "",
                    "serving_state": "",
                    "timeout_seconds": 300
                  }
                ]
              }
            ],
            "timeouts": null,
            "traffic": [
              {
                "latest_revision": true,
                "percent": 100,
                "revision_name": ""
              }
            ]
          },
          "sensitive_attributes": [],
          "private": "eyJlMmJmYjczMC1lY2FhLTExZTYtOGY4OC0zNDM2M2JjN2M0YzAiOnsiY3JlYXRlIjozNjAwMDAwMDAwMDAsImRlbGV0ZSI6MjQwMDAwMDAwMDAwLCJ1cGRhdGUiOjkwMDAwMDAwMDAwMH0sInNjaGVtYV92ZXJzaW9uIjoiMSJ9",
          "dependencies": [
            "data.google_cloud_run_locations.default"
          ]
        },
        {
          "index_key": "australia-southeast1",
          "schema_version": 1,
          "attributes": {
            "autogenerate_revision_name": false,
            "id": "locations/australia-southeast1/namespaces/cloudy-lab/services/restme--australia-southeast1",
            "location": "australia-southeast1",
            "metadata": [
              {
                "annotations": {
                  "run.googleapis.com/ingress": "all",
                  "run.googleapis.com/ingress-status": "all",
                  "serving.knative.dev/creator": "mark@chmarny.com",
                  "serving.knative.dev/lastModifier": "mark@chmarny.com"
                },
                "generation": 1,
                "labels": {
                  "cloud.googleapis.com/location": "australia-southeast1"
                },
                "namespace": "cloudy-lab",
                "resource_version": "AAXTJHggqos",
                "self_link": "/apis/serving.knative.dev/v1/namespaces/756793645202/services/restme--australia-southeast1",
                "uid": "4885cf11-4761-448e-abf8-9b8b3c35685f"
              }
            ],
            "name": "restme--australia-southeast1",
            "project": "cloudy-lab",
            "status": [
              {
                "conditions": [
                  {
                    "message": "",
                    "reason": "",
                    "status": "True",
                    "type": "Ready"
                  },
                  {
                    "message": "",
                    "reason": "",
                    "status": "True",
                    "type": "ConfigurationsReady"
                  },
                  {
                    "message": "",
                    "reason": "",
                    "status": "True",
                    "type": "RoutesReady"
                  }
                ],
                "latest_created_revision_name": "restme--australia-southeast1-v7nbp",
                "latest_ready_revision_name": "restme--australia-southeast1-v7nbp",
                "observed_generation": 1,
                "url": "https://restme--australia-southeast1-7le7pmvzfq-ts.a.run.app"
              }
            ],
            "template": [
              {
                "metadata": [
                  {
                    "annotations": {
                      "autoscaling.knative.dev/maxScale": "100"
                    },
                    "generation": 0,
                    "labels": {},
                    "name": "",
                    "namespace": "",
                    "resource_version": "",
                    "self_link": "",
                    "uid": ""
                  }
                ],
                "spec": [
                  {
                    "container_concurrency": 80,
                    "containers": [
                      {
                        "args": null,
                        "command": null,
                        "env": [
                          {
                            "name": "ADDRESS",
                            "value": ":8080"
                          },
                          {
                            "name": "GIN_MODE",
                            "value": "release"
                          },
                          {
                            "name": "LOG_LEVEL",
                            "value": "debug"
                          }
                        ],
                        "env_from": [],
                        "image": "gcr.io/cloudy-lab/restme",
                        "ports": [
                          {
                            "container_port": 8080,
                            "name": "http1",
                            "protocol": ""
                          }
                        ],
                        "resources": [
                          {
                            "limits": {
                              "cpu": "1000m",
                              "memory": "512Mi"
                            },
                            "requests": {}
                          }
                        ],
                        "working_dir": ""
                      }
                    ],
                    "service_account_name": "",
                    "serving_state": "",
                    "timeout_seconds": 300
                  }
                ]
              }
            ],
            "timeouts": null,
            "traffic": [
              {
                "latest_revision": true,
                "percent": 100,
                "revision_name": ""
              }
            ]
          },
          "sensitive_attributes": [],
          "private": "eyJlMmJmYjczMC1lY2FhLTExZTYtOGY4OC0zNDM2M2JjN2M0YzAiOnsiY3JlYXRlIjozNjAwMDAwMDAwMDAsImRlbGV0ZSI6MjQwMDAwMDAwMDAwLCJ1cGRhdGUiOjkwMDAwMDAwMDAwMH0sInNjaGVtYV92ZXJzaW9uIjoiMSJ9",
          "dependencies": [
            "data.google_cloud_run_locations.default"
          ]
        },
        {
          "index_key": "australia-southeast2",
          "schema_version": 1,
          "attributes": {
            "autogenerate_revision_name": false,
            "id": "locations/australia-southeast2/namespaces/cloudy-lab/services/restme--australia-southeast2",
            "location": "australia-southeast2",
            "metadata": [
              {
                "annotations": {
                  "run.googleapis.com/ingress": "all",
                  "run.googleapis.com/ingress-status": "all",
                  "serving.knative.dev/creator": "mark@chmarny.com",
                  "serving.knative.dev/lastModifier": "mark@chmarny.com"
                },
                "generation": 1,
                "labels": {
                  "cloud.googleapis.com/location": "australia-southeast2"
                },
                "namespace": "cloudy-lab",
                "resource_version": "AAXTJHqk8fo",
                "self_link": "/apis/serving.knative.dev/v1/namespaces/756793645202/services/restme--australia-southeast2",
                "uid": "6cf74472-117f-4399-ad39-5f95ed108520"
              }
            ],
            "name": "restme--australia-southeast2",
            "project": "cloudy-lab",
            "status": [
              {
                "conditions": [
                  {
                    "message": "",
                    "reason": "",
                    "status": "True",
                    "type": "Ready"
                  },
                  {
                    "message": "",
                    "reason": "",
                    "status": "True",
                    "type": "ConfigurationsReady"
                  },
                  {
                    "message": "",
                    "reason": "",
                    "status": "True",
                    "type": "RoutesReady"
                  }
                ],
                "latest_created_revision_name": "restme--australia-southeast2-7vhm4",
                "latest_ready_revision_name": "restme--australia-southeast2-7vhm4",
                "observed_generation": 1,
                "url": "https://restme--australia-southeast2-7le7pmvzfq-km.a.run.app"
              }
            ],
            "template": [
              {
                "metadata": [
                  {
                    "annotations": {
                      "autoscaling.knative.dev/maxScale": "100"
                    },
                    "generation": 0,
                    "labels": {},
                    "name": "",
                    "namespace": "",
                    "resource_version": "",
                    "self_link": "",
                    "uid": ""
                  }
                ],
                "spec": [
                  {
                    "container_concurrency": 80,
                    "containers": [
                      {
                        "args": null,
                        "command": null,
                        "env": [
                          {
                            "name": "ADDRESS",
                            "value": ":8080"
                          },
                          {
                            "name": "GIN_MODE",
                            "value": "release"
                          },
                          {
                            "name": "LOG_LEVEL",
                            "value": "debug"
                          }
                        ],
                        "env_from": [],
                        "image": "gcr.io/cloudy-lab/restme",
                        "ports": [
                          {
                            "container_port": 8080,
                            "name": "http1",
                            "protocol": ""
                          }
                        ],
                        "resources": [
                          {
                            "limits": {
                              "cpu": "1000m",
                              "memory": "512Mi"
                            },
                            "requests": {}
                          }
                        ],
                        "working_dir": ""
                      }
                    ],
                    "service_account_name": "",
                    "serving_state": "",
                    "timeout_seconds": 300
                  }
                ]
              }
            ],
            "timeouts": null,
            "traffic": [
              {
                "latest_revision": true,
                "percent": 100,
                "revision_name": ""
              }
            ]
          },
          "sensitive_attributes": [],
          "private": "eyJlMmJmYjczMC1lY2FhLTExZTYtOGY4OC0zNDM2M2JjN2M0YzAiOnsiY3JlYXRlIjozNjAwMDAwMDAwMDAsImRlbGV0ZSI6MjQwMDAwMDAwMDAwLCJ1cGRhdGUiOjkwMDAwMDAwMDAwMH0sInNjaGVtYV92ZXJzaW9uIjoiMSJ9",
          "dependencies": [
            "data.google_cloud_run_locations.default"
          ]
        },
        {
          "index_key": "europe-central2",
          "schema_version": 1,
          "attributes": {
            "autogenerate_revision_name": false,
            "id": "locations/europe-central2/namespaces/cloudy-lab/services/restme--europe-central2",
            "location": "europe-central2",
            "metadata": [
              {
                "annotations": {
                  "run.googleapis.com/ingress": "all",
                  "run.googleapis.com/ingress-status": "all",
                  "serving.knative.dev/creator": "mark@chmarny.com",
                  "serving.knative.dev/lastModifier": "mark@chmarny.com"
                },
                "generation": 1,
                "labels": {
                  "cloud.googleapis.com/location": "europe-central2"
                },
                "namespace": "cloudy-lab",
                "resource_version": "AAXTJHbAEeY",
                "self_link": "/apis/serving.knative.dev/v1/namespaces/756793645202/services/restme--europe-central2",
                "uid": "bb01a138-bc56-4389-96f2-7dbd845c094d"
              }
            ],
            "name": "restme--europe-central2",
            "project": "cloudy-lab",
            "status": [
              {
                "conditions": [
                  {
                    "message": "",
                    "reason": "",
                    "status": "True",
                    "type": "Ready"
                  },
                  {
                    "message": "",
                    "reason": "",
                    "status": "True",
                    "type": "ConfigurationsReady"
                  },
                  {
                    "message": "",
                    "reason": "",
                    "status": "True",
                    "type": "RoutesReady"
                  }
                ],
                "latest_created_revision_name": "restme--europe-central2-9cztf",
                "latest_ready_revision_name": "restme--europe-central2-9cztf",
                "observed_generation": 1,
                "url": "https://restme--europe-central2-7le7pmvzfq-lm.a.run.app"
              }
            ],
            "template": [
              {
                "metadata": [
                  {
                    "annotations": {
                      "autoscaling.knative.dev/maxScale": "100"
                    },
                    "generation": 0,
                    "labels": {},
                    "name": "",
                    "namespace": "",
                    "resource_version": "",
                    "self_link": "",
                    "uid": ""
                  }
                ],
                "spec": [
                  {
                    "container_concurrency": 80,
                    "containers": [
                      {
                        "args": null,
                        "command": null,
                        "env": [
                          {
                            "name": "ADDRESS",
                            "value": ":8080"
                          },
                          {
                            "name": "GIN_MODE",
                            "value": "release"
                          },
                          {
                            "name": "LOG_LEVEL",
                            "value": "debug"
                          }
                        ],
                        "env_from": [],
                        "image": "gcr.io/cloudy-lab/restme",
                        "ports": [
                          {
                            "container_port": 8080,
                            "name": "http1",
                            "protocol": ""
                          }
                        ],
                        "resources": [
                          {
                            "limits": {
                              "cpu": "1000m",
                              "memory": "512Mi"
                            },
                            "requests": {}
                          }
                        ],
                        "working_dir": ""
                      }
                    ],
                    "service_account_name": "",
                    "serving_state": "",
                    "timeout_seconds": 300
                  }
                ]
              }
            ],
            "timeouts": null,
            "traffic": [
              {
                "latest_revision": true,
                "percent": 100,
                "revision_name": ""
              }
            ]
          },
          "sensitive_attributes": [],
          "private": "eyJlMmJmYjczMC1lY2FhLTExZTYtOGY4OC0zNDM2M2JjN2M0YzAiOnsiY3JlYXRlIjozNjAwMDAwMDAwMDAsImRlbGV0ZSI6MjQwMDAwMDAwMDAwLCJ1cGRhdGUiOjkwMDAwMDAwMDAwMH0sInNjaGVtYV92ZXJzaW9uIjoiMSJ9",
          "dependencies": [
            "data.google_cloud_run_locations.default"
          ]
        },
        {
          "index_key": "europe-north1",
          "schema_version": 1,
          "attributes": {
            "autogenerate_revision_name": false,
            "id": "locations/europe-north1/namespaces/cloudy-lab/services/restme--europe-north1",
            "location": "europe-north1",
            "metadata": [
              {
                "annotations": {
                  "run.googleapis.com/ingress": "all",
                  "run.googleapis.com/ingress-status": "all",
                  "serving.knative.dev/creator": "mark@chmarny.com",
                  "serving.knative.dev/lastModifier": "mark@chmarny.com"
                },
                "generation": 1,
                "labels": {
                  "cloud.googleapis.com/location": "europe-north1"
                },
                "namespace": "cloudy-lab",
                "resource_version": "AAXTJHTPBI0",
                "self_link": "/apis/serving.knative.dev/v1/namespaces/756793645202/services/restme--europe-north1",
                "uid": "73babe66-8e6d-4046-9d4f-bb63e3d279d8"
              }
            ],
            "name": "restme--europe-north1",
            "project": "cloudy-lab",
            "status": [
              {
                "conditions": [
                  {
                    "message": "",
                    "reason": "",
                    "status": "True",
                    "type": "Ready"
                  },
                  {
                    "message": "",
                    "reason": "",
                    "status": "True",
                    "type": "ConfigurationsReady"
                  },
                  {
                    "message": "",
                    "reason": "",
                    "status": "True",
                    "type": "RoutesReady"
                  }
                ],
                "latest_created_revision_name": "restme--europe-north1-sn7dc",
                "latest_ready_revision_name": "restme--europe-north1-sn7dc",
                "observed_generation": 1,
                "url": "https://restme--europe-north1-7le7pmvzfq-lz.a.run.app"
              }
            ],
            "template": [
              {
                "metadata": [
                  {
                    "annotations": {
                      "autoscaling.knative.dev/maxScale": "100"
                    },
                    "generation": 0,
                    "labels": {},
                    "name": "",
                    "namespace": "",
                    "resource_version": "",
                    "self_link": "",
                    "uid": ""
                  }
                ],
                "spec": [
                  {
                    "container_concurrency": 80,
                    "containers": [
                      {
                        "args": null,
                        "command": null,
                        "env": [
                          {
                            "name": "ADDRESS",
                            "value": ":8080"
                          },
                          {
                            "name": "GIN_MODE",
                            "value": "release"
                          },
                          {
                            "name": "LOG_LEVEL",
                            "value": "debug"
                          }
                        ],
                        "env_from": [],
                        "image": "gcr.io/cloudy-lab/restme",
                        "ports": [
                          {
                            "container_port": 8080,
                            "name": "http1",
                            "protocol": ""
                          }
                        ],
                        "resources": [
                          {
                            "limits": {
                              "cpu": "1000m",
                              "memory": "512Mi"
                            },
                            "requests": {}
                          }
                        ],
                        "working_dir": ""
                      }
                    ],
                    "service_account_name": "",
                    "serving_state": "",
                    "timeout_seconds": 300
                  }
                ]
              }
            ],
            "timeouts": null,
            "traffic": [
              {
                "latest_revision": true,
                "percent": 100,
                "revision_name": ""
              }
            ]
          },
          "sensitive_attributes": [],
          "private": "eyJlMmJmYjczMC1lY2FhLTExZTYtOGY4OC0zNDM2M2JjN2M0YzAiOnsiY3JlYXRlIjozNjAwMDAwMDAwMDAsImRlbGV0ZSI6MjQwMDAwMDAwMDAwLCJ1cGRhdGUiOjkwMDAwMDAwMDAwMH0sInNjaGVtYV92ZXJzaW9uIjoiMSJ9",
          "dependencies": [
            "data.google_cloud_run_locations.default"
          ]
        },
        {
          "index_key": "europe-west1",
          "schema_version": 1,
          "attributes": {
            "autogenerate_revision_name": false,
            "id": "locations/europe-west1/namespaces/cloudy-lab/services/restme--europe-west1",
            "location": "europe-west1",
            "metadata": [
              {
                "annotations": {
                  "run.googleapis.com/ingress": "all",
                  "run.googleapis.com/ingress-status": "all",
                  "serving.knative.dev/creator": "mark@chmarny.com",
                  "serving.knative.dev/lastModifier": "mark@chmarny.com"
                },
                "generation": 1,
                "labels": {
                  "cloud.googleapis.com/location": "europe-west1"
                },
                "namespace": "cloudy-lab",
                "resource_version": "AAXTJHUOjIk",
                "self_link": "/apis/serving.knative.dev/v1/namespaces/756793645202/services/restme--europe-west1",
                "uid": "4d9a10dd-18de-46c6-ba41-2472e8db2a38"
              }
            ],
            "name": "restme--europe-west1",
            "project": "cloudy-lab",
            "status": [
              {
                "conditions": [
                  {
                    "message": "",
                    "reason": "",
                    "status": "True",
                    "type": "Ready"
                  },
                  {
                    "message": "",
                    "reason": "",
                    "status": "True",
                    "type": "ConfigurationsReady"
                  },
                  {
                    "message": "",
                    "reason": "",
                    "status": "True",
                    "type": "RoutesReady"
                  }
                ],
                "latest_created_revision_name": "restme--europe-west1-lwxkw",
                "latest_ready_revision_name": "restme--europe-west1-lwxkw",
                "observed_generation": 1,
                "url": "https://restme--europe-west1-7le7pmvzfq-ew.a.run.app"
              }
            ],
            "template": [
              {
                "metadata": [
                  {
                    "annotations": {
                      "autoscaling.knative.dev/maxScale": "100"
                    },
                    "generation": 0,
                    "labels": {},
                    "name": "",
                    "namespace": "",
                    "resource_version": "",
                    "self_link": "",
                    "uid": ""
                  }
                ],
                "spec": [
                  {
                    "container_concurrency": 80,
                    "containers": [
                      {
                        "args": null,
                        "command": null,
                        "env": [
                          {
                            "name": "ADDRESS",
                            "value": ":8080"
                          },
                          {
                            "name": "GIN_MODE",
                            "value": "release"
                          },
                          {
                            "name": "LOG_LEVEL",
                            "value": "debug"
                          }
                        ],
                        "env_from": [],
                        "image": "gcr.io/cloudy-lab/restme",
                        "ports": [
                          {
                            "container_port": 8080,
                            "name": "http1",
                            "protocol": ""
                          }
                        ],
                        "resources": [
                          {
                            "limits": {
                              "cpu": "1000m",
                              "memory": "512Mi"
                            },
                            "requests": {}
                          }
                        ],
                        "working_dir": ""
                      }
                    ],
                    "service_account_name": "",
                    "serving_state": "",
                    "timeout_seconds": 300
                  }
                ]
              }
            ],
            "timeouts": null,
            "traffic": [
              {
                "latest_revision": true,
                "percent": 100,
                "revision_name": ""
              }
            ]
          },
          "sensitive_attributes": [],
          "private": "eyJlMmJmYjczMC1lY2FhLTExZTYtOGY4OC0zNDM2M2JjN2M0YzAiOnsiY3JlYXRlIjozNjAwMDAwMDAwMDAsImRlbGV0ZSI6MjQwMDAwMDAwMDAwLCJ1cGRhdGUiOjkwMDAwMDAwMDAwMH0sInNjaGVtYV92ZXJzaW9uIjoiMSJ9",
          "dependencies": [
            "data.google_cloud_run_locations.default"
          ]
        },
        {
          "index_key": "europe-west2",
          "schema_version": 1,
          "attributes": {
            "autogenerate_revision_name": false,
            "id": "locations/europe-west2/namespaces/cloudy-lab/services/restme--europe-west2",
            "location": "europe-west2",
            "metadata": [
              {
                "annotations": {
                  "run.googleapis.com/ingress": "all",
                  "run.googleapis.com/ingress-status": "all",
                  "serving.knative.dev/creator": "mark@chmarny.com",
                  "serving.knative.dev/lastModifier": "mark@chmarny.com"
                },
                "generation": 1,
                "labels": {
                  "cloud.googleapis.com/location": "europe-west2"
                },
                "namespace": "cloudy-lab",
                "resource_version": "AAXTJHdEg10",
                "self_link": "/apis/serving.knative.dev/v1/namespaces/756793645202/services/restme--europe-west2",
                "uid": "10ccc96b-2a82-4fb5-a9b7-57ff54666afd"
              }
            ],
            "name": "restme--europe-west2",
            "project": "cloudy-lab",
            "status": [
              {
                "conditions": [
                  {
                    "message": "",
                    "reason": "",
                    "status": "True",
                    "type": "Ready"
                  },
                  {
                    "message": "",
                    "reason": "",
                    "status": "True",
                    "type": "ConfigurationsReady"
                  },
                  {
                    "message": "",
                    "reason": "",
                    "status": "True",
                    "type": "RoutesReady"
                  }
                ],
                "latest_created_revision_name": "restme--europe-west2-g6vzp",
                "latest_ready_revision_name": "restme--europe-west2-g6vzp",
                "observed_generation": 1,
                "url": "https://restme--europe-west2-7le7pmvzfq-nw.a.run.app"
              }
            ],
            "template": [
              {
                "metadata": [
                  {
                    "annotations": {
                      "autoscaling.knative.dev/maxScale": "100"
                    },
                    "generation": 0,
                    "labels": {},
                    "name": "",
                    "namespace": "",
                    "resource_version": "",
                    "self_link": "",
                    "uid": ""
                  }
                ],
                "spec": [
                  {
                    "container_concurrency": 80,
                    "containers": [
                      {
                        "args": null,
                        "command": null,
                        "env": [
                          {
                            "name": "ADDRESS",
                            "value": ":8080"
                          },
                          {
                            "name": "GIN_MODE",
                            "value": "release"
                          },
                          {
                            "name": "LOG_LEVEL",
                            "value": "debug"
                          }
                        ],
                        "env_from": [],
                        "image": "gcr.io/cloudy-lab/restme",
                        "ports": [
                          {
                            "container_port": 8080,
                            "name": "http1",
                            "protocol": ""
                          }
                        ],
                        "resources": [
                          {
                            "limits": {
                              "cpu": "1000m",
                              "memory": "512Mi"
                            },
                            "requests": {}
                          }
                        ],
                        "working_dir": ""
                      }
                    ],
                    "service_account_name": "",
                    "serving_state": "",
                    "timeout_seconds": 300
                  }
                ]
              }
            ],
            "timeouts": null,
            "traffic": [
              {
                "latest_revision": true,
                "percent": 100,
                "revision_name": ""
              }
            ]
          },
          "sensitive_attributes": [],
          "private": "eyJlMmJmYjczMC1lY2FhLTExZTYtOGY4OC0zNDM2M2JjN2M0YzAiOnsiY3JlYXRlIjozNjAwMDAwMDAwMDAsImRlbGV0ZSI6MjQwMDAwMDAwMDAwLCJ1cGRhdGUiOjkwMDAwMDAwMDAwMH0sInNjaGVtYV92ZXJzaW9uIjoiMSJ9",
          "dependencies": [
            "data.google_cloud_run_locations.default"
          ]
        },
        {
          "index_key": "europe-west3",
          "schema_version": 1,
          "attributes": {
            "autogenerate_revision_name": false,
            "id": "locations/europe-west3/namespaces/cloudy-lab/services/restme--europe-west3",
            "location": "europe-west3",
            "metadata": [
              {
                "annotations": {
                  "run.googleapis.com/ingress": "all",
                  "run.googleapis.com/ingress-status": "all",
                  "serving.knative.dev/creator": "mark@chmarny.com",
                  "serving.knative.dev/lastModifier": "mark@chmarny.com"
                },
                "generation": 1,
                "labels": {
                  "cloud.googleapis.com/location": "europe-west3"
                },
                "namespace": "cloudy-lab",
                "resource_version": "AAXTJHkY8QQ",
                "self_link": "/apis/serving.knative.dev/v1/namespaces/756793645202/services/restme--europe-west3",
                "uid": "e2ca8a83-7cc2-4cc1-b3bd-430f30810545"
              }
            ],
            "name": "restme--europe-west3",
            "project": "cloudy-lab",
            "status": [
              {
                "conditions": [
                  {
                    "message": "",
                    "reason": "",
                    "status": "True",
                    "type": "Ready"
                  },
                  {
                    "message": "",
                    "reason": "",
                    "status": "True",
                    "type": "ConfigurationsReady"
                  },
                  {
                    "message": "",
                    "reason": "",
                    "status": "True",
                    "type": "RoutesReady"
                  }
                ],
                "latest_created_revision_name": "restme--europe-west3-bg6vs",
                "latest_ready_revision_name": "restme--europe-west3-bg6vs",
                "observed_generation": 1,
                "url": "https://restme--europe-west3-7le7pmvzfq-ey.a.run.app"
              }
            ],
            "template": [
              {
                "metadata": [
                  {
                    "annotations": {
                      "autoscaling.knative.dev/maxScale": "100"
                    },
                    "generation": 0,
                    "labels": {},
                    "name": "",
                    "namespace": "",
                    "resource_version": "",
                    "self_link": "",
                    "uid": ""
                  }
                ],
                "spec": [
                  {
                    "container_concurrency": 80,
                    "containers": [
                      {
                        "args": null,
                        "command": null,
                        "env": [
                          {
                            "name": "ADDRESS",
                            "value": ":8080"
                          },
                          {
                            "name": "GIN_MODE",
                            "value": "release"
                          },
                          {
                            "name": "LOG_LEVEL",
                            "value": "debug"
                          }
                        ],
                        "env_from": [],
                        "image": "gcr.io/cloudy-lab/restme",
                        "ports": [
                          {
                            "container_port": 8080,
                            "name": "http1",
                            "protocol": ""
                          }
                        ],
                        "resources": [
                          {
                            "limits": {
                              "cpu": "1000m",
                              "memory": "512Mi"
                            },
                            "requests": {}
                          }
                        ],
                        "working_dir": ""
                      }
                    ],
                    "service_account_name": "",
                    "serving_state": "",
                    "timeout_seconds": 300
                  }
                ]
              }
            ],
            "timeouts": null,
            "traffic": [
              {
                "latest_revision": true,
                "percent": 100,
                "revision_name": ""
              }
            ]
          },
          "sensitive_attributes": [],
          "private": "eyJlMmJmYjczMC1lY2FhLTExZTYtOGY4OC0zNDM2M2JjN2M0YzAiOnsiY3JlYXRlIjozNjAwMDAwMDAwMDAsImRlbGV0ZSI6MjQwMDAwMDAwMDAwLCJ1cGRhdGUiOjkwMDAwMDAwMDAwMH0sInNjaGVtYV92ZXJzaW9uIjoiMSJ9",
          "dependencies": [
            "data.google_cloud_run_locations.default"
          ]
        },
        {
          "index_key": "europe-west4",
          "schema_version": 1,
          "attributes": {
            "autogenerate_revision_name": false,
            "id": "locations/europe-west4/namespaces/cloudy-lab/services/restme--europe-west4",
            "location": "europe-west4",
            "metadata": [
              {
                "annotations": {
                  "run.googleapis.com/ingress": "all",
                  "run.googleapis.com/ingress-status": "all",
                  "serving.knative.dev/creator": "mark@chmarny.com",
                  "serving.knative.dev/lastModifier": "mark@chmarny.com"
                },
                "generation": 1,
                "labels": {
                  "cloud.googleapis.com/location": "europe-west4"
                },
                "namespace": "cloudy-lab",
                "resource_version": "AAXTJHTTxhk",
                "self_link": "/apis/serving.knative.dev/v1/namespaces/756793645202/services/restme--europe-west4",
                "uid": "ac1a25b8-daf6-43e3-8173-02cc5d1ffe76"
              }
            ],
            "name": "restme--europe-west4",
            "project": "cloudy-lab",
            "status": [
              {
                "conditions": [
                  {
                    "message": "",
                    "reason": "",
                    "status": "True",
                    "type": "Ready"
                  },
                  {
                    "message": "",
                    "reason": "",
                    "status": "True",
                    "type": "ConfigurationsReady"
                  },
                  {
                    "message": "",
                    "reason": "",
                    "status": "True",
                    "type": "RoutesReady"
                  }
                ],
                "latest_created_revision_name": "restme--europe-west4-zsbpz",
                "latest_ready_revision_name": "restme--europe-west4-zsbpz",
                "observed_generation": 1,
                "url": "https://restme--europe-west4-7le7pmvzfq-ez.a.run.app"
              }
            ],
            "template": [
              {
                "metadata": [
                  {
                    "annotations": {
                      "autoscaling.knative.dev/maxScale": "100"
                    },
                    "generation": 0,
                    "labels": {},
                    "name": "",
                    "namespace": "",
                    "resource_version": "",
                    "self_link": "",
                    "uid": ""
                  }
                ],
                "spec": [
                  {
                    "container_concurrency": 80,
                    "containers": [
                      {
                        "args": null,
                        "command": null,
                        "env": [
                          {
                            "name": "ADDRESS",
                            "value": ":8080"
                          },
                          {
                            "name": "GIN_MODE",
                            "value": "release"
                          },
                          {
                            "name": "LOG_LEVEL",
                            "value": "debug"
                          }
                        ],
                        "env_from": [],
                        "image": "gcr.io/cloudy-lab/restme",
                        "ports": [
                          {
                            "container_port": 8080,
                            "name": "http1",
                            "protocol": ""
                          }
                        ],
                        "resources": [
                          {
                            "limits": {
                              "cpu": "1000m",
                              "memory": "512Mi"
                            },
                            "requests": {}
                          }
                        ],
                        "working_dir": ""
                      }
                    ],
                    "service_account_name": "",
                    "serving_state": "",
                    "timeout_seconds": 300
                  }
                ]
              }
            ],
            "timeouts": null,
            "traffic": [
              {
                "latest_revision": true,
                "percent": 100,
                "revision_name": ""
              }
            ]
          },
          "sensitive_attributes": [],
          "private": "eyJlMmJmYjczMC1lY2FhLTExZTYtOGY4OC0zNDM2M2JjN2M0YzAiOnsiY3JlYXRlIjozNjAwMDAwMDAwMDAsImRlbGV0ZSI6MjQwMDAwMDAwMDAwLCJ1cGRhdGUiOjkwMDAwMDAwMDAwMH0sInNjaGVtYV92ZXJzaW9uIjoiMSJ9",
          "dependencies": [
            "data.google_cloud_run_locations.default"
          ]
        },
        {
          "index_key": "europe-west6",
          "schema_version": 1,
          "attributes": {
            "autogenerate_revision_name": false,
            "id": "locations/europe-west6/namespaces/cloudy-lab/services/restme--europe-west6",
            "location": "europe-west6",
            "metadata": [
              {
                "annotations": {
                  "run.googleapis.com/ingress": "all",
                  "run.googleapis.com/ingress-status": "all",
                  "serving.knative.dev/creator": "mark@chmarny.com",
                  "serving.knative.dev/lastModifier": "mark@chmarny.com"
                },
                "generation": 1,
                "labels": {
                  "cloud.googleapis.com/location": "europe-west6"
                },
                "namespace": "cloudy-lab",
                "resource_version": "AAXTJHTu+pY",
                "self_link": "/apis/serving.knative.dev/v1/namespaces/756793645202/services/restme--europe-west6",
                "uid": "33827fa5-f405-4b6e-8f84-b058f29112d5"
              }
            ],
            "name": "restme--europe-west6",
            "project": "cloudy-lab",
            "status": [
              {
                "conditions": [
                  {
                    "message": "",
                    "reason": "",
                    "status": "True",
                    "type": "Ready"
                  },
                  {
                    "message": "",
                    "reason": "",
                    "status": "True",
                    "type": "ConfigurationsReady"
                  },
                  {
                    "message": "",
                    "reason": "",
                    "status": "True",
                    "type": "RoutesReady"
                  }
                ],
                "latest_created_revision_name": "restme--europe-west6-kms2z",
                "latest_ready_revision_name": "restme--europe-west6-kms2z",
                "observed_generation": 1,
                "url": "https://restme--europe-west6-7le7pmvzfq-oa.a.run.app"
              }
            ],
            "template": [
              {
                "metadata": [
                  {
                    "annotations": {
                      "autoscaling.knative.dev/maxScale": "100"
                    },
                    "generation": 0,
                    "labels": {},
                    "name": "",
                    "namespace": "",
                    "resource_version": "",
                    "self_link": "",
                    "uid": ""
                  }
                ],
                "spec": [
                  {
                    "container_concurrency": 80,
                    "containers": [
                      {
                        "args": null,
                        "command": null,
                        "env": [
                          {
                            "name": "ADDRESS",
                            "value": ":8080"
                          },
                          {
                            "name": "GIN_MODE",
                            "value": "release"
                          },
                          {
                            "name": "LOG_LEVEL",
                            "value": "debug"
                          }
                        ],
                        "env_from": [],
                        "image": "gcr.io/cloudy-lab/restme",
                        "ports": [
                          {
                            "container_port": 8080,
                            "name": "http1",
                            "protocol": ""
                          }
                        ],
                        "resources": [
                          {
                            "limits": {
                              "cpu": "1000m",
                              "memory": "512Mi"
                            },
                            "requests": {}
                          }
                        ],
                        "working_dir": ""
                      }
                    ],
                    "service_account_name": "",
                    "serving_state": "",
                    "timeout_seconds": 300
                  }
                ]
              }
            ],
            "timeouts": null,
            "traffic": [
              {
                "latest_revision": true,
                "percent": 100,
                "revision_name": ""
              }
            ]
          },
          "sensitive_attributes": [],
          "private": "eyJlMmJmYjczMC1lY2FhLTExZTYtOGY4OC0zNDM2M2JjN2M0YzAiOnsiY3JlYXRlIjozNjAwMDAwMDAwMDAsImRlbGV0ZSI6MjQwMDAwMDAwMDAwLCJ1cGRhdGUiOjkwMDAwMDAwMDAwMH0sInNjaGVtYV92ZXJzaW9uIjoiMSJ9",
          "dependencies": [
            "data.google_cloud_run_locations.default"
          ]
        },
        {
          "index_key": "northamerica-northeast1",
          "schema_version": 1,
          "attributes": {
            "autogenerate_revision_name": false,
            "id": "locations/northamerica-northeast1/namespaces/cloudy-lab/services/restme--northamerica-northeast1",
            "location": "northamerica-northeast1",
            "metadata": [
              {
                "annotations": {
                  "run.googleapis.com/ingress": "all",
                  "run.googleapis.com/ingress-status": "all",
                  "serving.knative.dev/creator": "mark@chmarny.com",
                  "serving.knative.dev/lastModifier": "mark@chmarny.com"
                },
                "generation": 1,
                "labels": {
                  "cloud.googleapis.com/location": "northamerica-northeast1"
                },
                "namespace": "cloudy-lab",
                "resource_version": "AAXTJHUJ3MQ",
                "self_link": "/apis/serving.knative.dev/v1/namespaces/756793645202/services/restme--northamerica-northeast1",
                "uid": "491574a9-5c07-4e9e-9492-8192c3f1a5b7"
              }
            ],
            "name": "restme--northamerica-northeast1",
            "project": "cloudy-lab",
            "status": [
              {
                "conditions": [
                  {
                    "message": "",
                    "reason": "",
                    "status": "True",
                    "type": "Ready"
                  },
                  {
                    "message": "",
                    "reason": "",
                    "status": "True",
                    "type": "ConfigurationsReady"
                  },
                  {
                    "message": "",
                    "reason": "",
                    "status": "True",
                    "type": "RoutesReady"
                  }
                ],
                "latest_created_revision_name": "restme--northamerica-northeast1-7jlbm",
                "latest_ready_revision_name": "restme--northamerica-northeast1-7jlbm",
                "observed_generation": 1,
                "url": "https://restme--northamerica-northeast1-7le7pmvzfq-nn.a.run.app"
              }
            ],
            "template": [
              {
                "metadata": [
                  {
                    "annotations": {
                      "autoscaling.knative.dev/maxScale": "100"
                    },
                    "generation": 0,
                    "labels": {},
                    "name": "",
                    "namespace": "",
                    "resource_version": "",
                    "self_link": "",
                    "uid": ""
                  }
                ],
                "spec": [
                  {
                    "container_concurrency": 80,
                    "containers": [
                      {
                        "args": null,
                        "command": null,
                        "env": [
                          {
                            "name": "ADDRESS",
                            "value": ":8080"
                          },
                          {
                            "name": "GIN_MODE",
                            "value": "release"
                          },
                          {
                            "name": "LOG_LEVEL",
                            "value": "debug"
                          }
                        ],
                        "env_from": [],
                        "image": "gcr.io/cloudy-lab/restme",
                        "ports": [
                          {
                            "container_port": 8080,
                            "name": "http1",
                            "protocol": ""
                          }
                        ],
                        "resources": [
                          {
                            "limits": {
                              "cpu": "1000m",
                              "memory": "512Mi"
                            },
                            "requests": {}
                          }
                        ],
                        "working_dir": ""
                      }
                    ],
                    "service_account_name": "",
                    "serving_state": "",
                    "timeout_seconds": 300
                  }
                ]
              }
            ],
            "timeouts": null,
            "traffic": [
              {
                "latest_revision": true,
                "percent": 100,
                "revision_name": ""
              }
            ]
          },
          "sensitive_attributes": [],
          "private": "eyJlMmJmYjczMC1lY2FhLTExZTYtOGY4OC0zNDM2M2JjN2M0YzAiOnsiY3JlYXRlIjozNjAwMDAwMDAwMDAsImRlbGV0ZSI6MjQwMDAwMDAwMDAwLCJ1cGRhdGUiOjkwMDAwMDAwMDAwMH0sInNjaGVtYV92ZXJzaW9uIjoiMSJ9",
          "dependencies": [
            "data.google_cloud_run_locations.default"
          ]
        },
        {
          "index_key": "northamerica-northeast2",
          "schema_version": 1,
          "attributes": {
            "autogenerate_revision_name": false,
            "id": "locations/northamerica-northeast2/namespaces/cloudy-lab/services/restme--northamerica-northeast2",
            "location": "northamerica-northeast2",
            "metadata": [
              {
                "annotations": {
                  "run.googleapis.com/ingress": "all",
                  "run.googleapis.com/ingress-status": "all",
                  "serving.knative.dev/creator": "mark@chmarny.com",
                  "serving.knative.dev/lastModifier": "mark@chmarny.com"
                },
                "generation": 1,
                "labels": {
                  "cloud.googleapis.com/location": "northamerica-northeast2"
                },
                "namespace": "cloudy-lab",
                "resource_version": "AAXTJHiPNmM",
                "self_link": "/apis/serving.knative.dev/v1/namespaces/756793645202/services/restme--northamerica-northeast2",
                "uid": "c27c0586-68f0-4b40-a690-7815b846e8d7"
              }
            ],
            "name": "restme--northamerica-northeast2",
            "project": "cloudy-lab",
            "status": [
              {
                "conditions": [
                  {
                    "message": "",
                    "reason": "",
                    "status": "True",
                    "type": "Ready"
                  },
                  {
                    "message": "",
                    "reason": "",
                    "status": "True",
                    "type": "ConfigurationsReady"
                  },
                  {
                    "message": "",
                    "reason": "",
                    "status": "True",
                    "type": "RoutesReady"
                  }
                ],
                "latest_created_revision_name": "restme--northamerica-northeast2-vbbdg",
                "latest_ready_revision_name": "restme--northamerica-northeast2-vbbdg",
                "observed_generation": 1,
                "url": "https://restme--northamerica-northeast2-7le7pmvzfq-pd.a.run.app"
              }
            ],
            "template": [
              {
                "metadata": [
                  {
                    "annotations": {
                      "autoscaling.knative.dev/maxScale": "100"
                    },
                    "generation": 0,
                    "labels": {},
                    "name": "",
                    "namespace": "",
                    "resource_version": "",
                    "self_link": "",
                    "uid": ""
                  }
                ],
                "spec": [
                  {
                    "container_concurrency": 80,
                    "containers": [
                      {
                        "args": null,
                        "command": null,
                        "env": [
                          {
                            "name": "ADDRESS",
                            "value": ":8080"
                          },
                          {
                            "name": "GIN_MODE",
                            "value": "release"
                          },
                          {
                            "name": "LOG_LEVEL",
                            "value": "debug"
                          }
                        ],
                        "env_from": [],
                        "image": "gcr.io/cloudy-lab/restme",
                        "ports": [
                          {
                            "container_port": 8080,
                            "name": "http1",
                            "protocol": ""
                          }
                        ],
                        "resources": [
                          {
                            "limits": {
                              "cpu": "1000m",
                              "memory": "512Mi"
                            },
                            "requests": {}
                          }
                        ],
                        "working_dir": ""
                      }
                    ],
                    "service_account_name": "",
                    "serving_state": "",
                    "timeout_seconds": 300
                  }
                ]
              }
            ],
            "timeouts": null,
            "traffic": [
              {
                "latest_revision": true,
                "percent": 100,
                "revision_name": ""
              }
            ]
          },
          "sensitive_attributes": [],
          "private": "eyJlMmJmYjczMC1lY2FhLTExZTYtOGY4OC0zNDM2M2JjN2M0YzAiOnsiY3JlYXRlIjozNjAwMDAwMDAwMDAsImRlbGV0ZSI6MjQwMDAwMDAwMDAwLCJ1cGRhdGUiOjkwMDAwMDAwMDAwMH0sInNjaGVtYV92ZXJzaW9uIjoiMSJ9",
          "dependencies": [
            "data.google_cloud_run_locations.default"
          ]
        },
        {
          "index_key": "southamerica-east1",
          "schema_version": 1,
          "attributes": {
            "autogenerate_revision_name": false,
            "id": "locations/southamerica-east1/namespaces/cloudy-lab/services/restme--southamerica-east1",
            "location": "southamerica-east1",
            "metadata": [
              {
                "annotations": {
                  "run.googleapis.com/ingress": "all",
                  "run.googleapis.com/ingress-status": "all",
                  "serving.knative.dev/creator": "mark@chmarny.com",
                  "serving.knative.dev/lastModifier": "mark@chmarny.com"
                },
                "generation": 1,
                "labels": {
                  "cloud.googleapis.com/location": "southamerica-east1"
                },
                "namespace": "cloudy-lab",
                "resource_version": "AAXTJHdsT9A",
                "self_link": "/apis/serving.knative.dev/v1/namespaces/756793645202/services/restme--southamerica-east1",
                "uid": "6bd6320d-5fa4-4693-83cb-a71c8c07c7a1"
              }
            ],
            "name": "restme--southamerica-east1",
            "project": "cloudy-lab",
            "status": [
              {
                "conditions": [
                  {
                    "message": "",
                    "reason": "",
                    "status": "True",
                    "type": "Ready"
                  },
                  {
                    "message": "",
                    "reason": "",
                    "status": "True",
                    "type": "ConfigurationsReady"
                  },
                  {
                    "message": "",
                    "reason": "",
                    "status": "True",
                    "type": "RoutesReady"
                  }
                ],
                "latest_created_revision_name": "restme--southamerica-east1-rj744",
                "latest_ready_revision_name": "restme--southamerica-east1-rj744",
                "observed_generation": 1,
                "url": "https://restme--southamerica-east1-7le7pmvzfq-rj.a.run.app"
              }
            ],
            "template": [
              {
                "metadata": [
                  {
                    "annotations": {
                      "autoscaling.knative.dev/maxScale": "100"
                    },
                    "generation": 0,
                    "labels": {},
                    "name": "",
                    "namespace": "",
                    "resource_version": "",
                    "self_link": "",
                    "uid": ""
                  }
                ],
                "spec": [
                  {
                    "container_concurrency": 80,
                    "containers": [
                      {
                        "args": null,
                        "command": null,
                        "env": [
                          {
                            "name": "ADDRESS",
                            "value": ":8080"
                          },
                          {
                            "name": "GIN_MODE",
                            "value": "release"
                          },
                          {
                            "name": "LOG_LEVEL",
                            "value": "debug"
                          }
                        ],
                        "env_from": [],
                        "image": "gcr.io/cloudy-lab/restme",
                        "ports": [
                          {
                            "container_port": 8080,
                            "name": "http1",
                            "protocol": ""
                          }
                        ],
                        "resources": [
                          {
                            "limits": {
                              "cpu": "1000m",
                              "memory": "512Mi"
                            },
                            "requests": {}
                          }
                        ],
                        "working_dir": ""
                      }
                    ],
                    "service_account_name": "",
                    "serving_state": "",
                    "timeout_seconds": 300
                  }
                ]
              }
            ],
            "timeouts": null,
            "traffic": [
              {
                "latest_revision": true,
                "percent": 100,
                "revision_name": ""
              }
            ]
          },
          "sensitive_attributes": [],
          "private": "eyJlMmJmYjczMC1lY2FhLTExZTYtOGY4OC0zNDM2M2JjN2M0YzAiOnsiY3JlYXRlIjozNjAwMDAwMDAwMDAsImRlbGV0ZSI6MjQwMDAwMDAwMDAwLCJ1cGRhdGUiOjkwMDAwMDAwMDAwMH0sInNjaGVtYV92ZXJzaW9uIjoiMSJ9",
          "dependencies": [
            "data.google_cloud_run_locations.default"
          ]
        },
        {
          "index_key": "southamerica-west1",
          "schema_version": 1,
          "attributes": {
            "autogenerate_revision_name": false,
            "id": "locations/southamerica-west1/namespaces/cloudy-lab/services/restme--southamerica-west1",
            "location": "southamerica-west1",
            "metadata": [
              {
                "annotations": {
                  "run.googleapis.com/ingress": "all",
                  "run.googleapis.com/ingress-status": "all",
                  "serving.knative.dev/creator": "mark@chmarny.com",
                  "serving.knative.dev/lastModifier": "mark@chmarny.com"
                },
                "generation": 1,
                "labels": {
                  "cloud.googleapis.com/location": "southamerica-west1"
                },
                "namespace": "cloudy-lab",
                "resource_version": "AAXTJHdbM2A",
                "self_link": "/apis/serving.knative.dev/v1/namespaces/756793645202/services/restme--southamerica-west1",
                "uid": "fb26440e-3d3f-4dac-8318-3eaeb016242a"
              }
            ],
            "name": "restme--southamerica-west1",
            "project": "cloudy-lab",
            "status": [
              {
                "conditions": [
                  {
                    "message": "",
                    "reason": "",
                    "status": "True",
                    "type": "Ready"
                  },
                  {
                    "message": "",
                    "reason": "",
                    "status": "True",
                    "type": "ConfigurationsReady"
                  },
                  {
                    "message": "",
                    "reason": "",
                    "status": "True",
                    "type": "RoutesReady"
                  }
                ],
                "latest_created_revision_name": "restme--southamerica-west1-282vb",
                "latest_ready_revision_name": "restme--southamerica-west1-282vb",
                "observed_generation": 1,
                "url": "https://restme--southamerica-west1-7le7pmvzfq-tl.a.run.app"
              }
            ],
            "template": [
              {
                "metadata": [
                  {
                    "annotations": {
                      "autoscaling.knative.dev/maxScale": "100"
                    },
                    "generation": 0,
                    "labels": {},
                    "name": "",
                    "namespace": "",
                    "resource_version": "",
                    "self_link": "",
                    "uid": ""
                  }
                ],
                "spec": [
                  {
                    "container_concurrency": 80,
                    "containers": [
                      {
                        "args": null,
                        "command": null,
                        "env": [
                          {
                            "name": "ADDRESS",
                            "value": ":8080"
                          },
                          {
                            "name": "GIN_MODE",
                            "value": "release"
                          },
                          {
                            "name": "LOG_LEVEL",
                            "value": "debug"
                          }
                        ],
                        "env_from": [],
                        "image": "gcr.io/cloudy-lab/restme",
                        "ports": [
                          {
                            "container_port": 8080,
                            "name": "http1",
                            "protocol": ""
                          }
                        ],
                        "resources": [
                          {
                            "limits": {
                              "cpu": "1000m",
                              "memory": "512Mi"
                            },
                            "requests": {}
                          }
                        ],
                        "working_dir": ""
                      }
                    ],
                    "service_account_name": "",
                    "serving_state": "",
                    "timeout_seconds": 300
                  }
                ]
              }
            ],
            "timeouts": null,
            "traffic": [
              {
                "latest_revision": true,
                "percent": 100,
                "revision_name": ""
              }
            ]
          },
          "sensitive_attributes": [],
          "private": "eyJlMmJmYjczMC1lY2FhLTExZTYtOGY4OC0zNDM2M2JjN2M0YzAiOnsiY3JlYXRlIjozNjAwMDAwMDAwMDAsImRlbGV0ZSI6MjQwMDAwMDAwMDAwLCJ1cGRhdGUiOjkwMDAwMDAwMDAwMH0sInNjaGVtYV92ZXJzaW9uIjoiMSJ9",
          "dependencies": [
            "data.google_cloud_run_locations.default"
          ]
        },
        {
          "index_key": "us-central1",
          "schema_version": 1,
          "attributes": {
            "autogenerate_revision_name": false,
            "id": "locations/us-central1/namespaces/cloudy-lab/services/restme--us-central1",
            "location": "us-central1",
            "metadata": [
              {
                "annotations": {
                  "run.googleapis.com/ingress": "all",
                  "run.googleapis.com/ingress-status": "all",
                  "serving.knative.dev/creator": "mark@chmarny.com",
                  "serving.knative.dev/lastModifier": "mark@chmarny.com"
                },
                "generation": 1,
                "labels": {
                  "cloud.googleapis.com/location": "us-central1"
                },
                "namespace": "cloudy-lab",
                "resource_version": "AAXTJHngHUc",
                "self_link": "/apis/serving.knative.dev/v1/namespaces/756793645202/services/restme--us-central1",
                "uid": "559fdd7e-5e25-4186-8ab5-a432979c5e2b"
              }
            ],
            "name": "restme--us-central1",
            "project": "cloudy-lab",
            "status": [
              {
                "conditions": [
                  {
                    "message": "",
                    "reason": "",
                    "status": "True",
                    "type": "Ready"
                  },
                  {
                    "message": "",
                    "reason": "",
                    "status": "True",
                    "type": "ConfigurationsReady"
                  },
                  {
                    "message": "",
                    "reason": "",
                    "status": "True",
                    "type": "RoutesReady"
                  }
                ],
                "latest_created_revision_name": "restme--us-central1-4ckl4",
                "latest_ready_revision_name": "restme--us-central1-4ckl4",
                "observed_generation": 1,
                "url": "https://restme--us-central1-7le7pmvzfq-uc.a.run.app"
              }
            ],
            "template": [
              {
                "metadata": [
                  {
                    "annotations": {
                      "autoscaling.knative.dev/maxScale": "100"
                    },
                    "generation": 0,
                    "labels": {},
                    "name": "",
                    "namespace": "",
                    "resource_version": "",
                    "self_link": "",
                    "uid": ""
                  }
                ],
                "spec": [
                  {
                    "container_concurrency": 80,
                    "containers": [
                      {
                        "args": null,
                        "command": null,
                        "env": [
                          {
                            "name": "ADDRESS",
                            "value": ":8080"
                          },
                          {
                            "name": "GIN_MODE",
                            "value": "release"
                          },
                          {
                            "name": "LOG_LEVEL",
                            "value": "debug"
                          }
                        ],
                        "env_from": [],
                        "image": "gcr.io/cloudy-lab/restme",
                        "ports": [
                          {
                            "container_port": 8080,
                            "name": "http1",
                            "protocol": ""
                          }
                        ],
                        "resources": [
                          {
                            "limits": {
                              "cpu": "1000m",
                              "memory": "512Mi"
                            },
                            "requests": {}
                          }
                        ],
                        "working_dir": ""
                      }
                    ],
                    "service_account_name": "",
                    "serving_state": "",
                    "timeout_seconds": 300
                  }
                ]
              }
            ],
            "timeouts": null,
            "traffic": [
              {
                "latest_revision": true,
                "percent": 100,
                "revision_name": ""
              }
            ]
          },
          "sensitive_attributes": [],
          "private": "eyJlMmJmYjczMC1lY2FhLTExZTYtOGY4OC0zNDM2M2JjN2M0YzAiOnsiY3JlYXRlIjozNjAwMDAwMDAwMDAsImRlbGV0ZSI6MjQwMDAwMDAwMDAwLCJ1cGRhdGUiOjkwMDAwMDAwMDAwMH0sInNjaGVtYV92ZXJzaW9uIjoiMSJ9",
          "dependencies": [
            "data.google_cloud_run_locations.default"
          ]
        },
        {
          "index_key": "us-east1",
          "schema_version": 1,
          "attributes": {
            "autogenerate_revision_name": false,
            "id": "locations/us-east1/namespaces/cloudy-lab/services/restme--us-east1",
            "location": "us-east1",
            "metadata": [
              {
                "annotations": {
                  "run.googleapis.com/ingress": "all",
                  "run.googleapis.com/ingress-status": "all",
                  "serving.knative.dev/creator": "mark@chmarny.com",
                  "serving.knative.dev/lastModifier": "mark@chmarny.com"
                },
                "generation": 1,
                "labels": {
                  "cloud.googleapis.com/location": "us-east1"
                },
                "namespace": "cloudy-lab",
                "resource_version": "AAXTJHjn9uE",
                "self_link": "/apis/serving.knative.dev/v1/namespaces/756793645202/services/restme--us-east1",
                "uid": "74c560a5-d315-40c2-aab6-7082271e7385"
              }
            ],
            "name": "restme--us-east1",
            "project": "cloudy-lab",
            "status": [
              {
                "conditions": [
                  {
                    "message": "",
                    "reason": "",
                    "status": "True",
                    "type": "Ready"
                  },
                  {
                    "message": "",
                    "reason": "",
                    "status": "True",
                    "type": "ConfigurationsReady"
                  },
                  {
                    "message": "",
                    "reason": "",
                    "status": "True",
                    "type": "RoutesReady"
                  }
                ],
                "latest_created_revision_name": "restme--us-east1-kqdsz",
                "latest_ready_revision_name": "restme--us-east1-kqdsz",
                "observed_generation": 1,
                "url": "https://restme--us-east1-7le7pmvzfq-ue.a.run.app"
              }
            ],
            "template": [
              {
                "metadata": [
                  {
                    "annotations": {
                      "autoscaling.knative.dev/maxScale": "100"
                    },
                    "generation": 0,
                    "labels": {},
                    "name": "",
                    "namespace": "",
                    "resource_version": "",
                    "self_link": "",
                    "uid": ""
                  }
                ],
                "spec": [
                  {
                    "container_concurrency": 80,
                    "containers": [
                      {
                        "args": null,
                        "command": null,
                        "env": [
                          {
                            "name": "ADDRESS",
                            "value": ":8080"
                          },
                          {
                            "name": "GIN_MODE",
                            "value": "release"
                          },
                          {
                            "name": "LOG_LEVEL",
                            "value": "debug"
                          }
                        ],
                        "env_from": [],
                        "image": "gcr.io/cloudy-lab/restme",
                        "ports": [
                          {
                            "container_port": 8080,
                            "name": "http1",
                            "protocol": ""
                          }
                        ],
                        "resources": [
                          {
                            "limits": {
                              "cpu": "1000m",
                              "memory": "512Mi"
                            },
                            "requests": {}
                          }
                        ],
                        "working_dir": ""
                      }
                    ],
                    "service_account_name": "",
                    "serving_state": "",
                    "timeout_seconds": 300
                  }
                ]
              }
            ],
            "timeouts": null,
            "traffic": [
              {
                "latest_revision": true,
                "percent": 100,
                "revision_name": ""
              }
            ]
          },
          "sensitive_attributes": [],
          "private": "eyJlMmJmYjczMC1lY2FhLTExZTYtOGY4OC0zNDM2M2JjN2M0YzAiOnsiY3JlYXRlIjozNjAwMDAwMDAwMDAsImRlbGV0ZSI6MjQwMDAwMDAwMDAwLCJ1cGRhdGUiOjkwMDAwMDAwMDAwMH0sInNjaGVtYV92ZXJzaW9uIjoiMSJ9",
          "dependencies": [
            "data.google_cloud_run_locations.default"
          ]
        },
        {
          "index_key": "us-east4",
          "schema_version": 1,
          "attributes": {
            "autogenerate_revision_name": false,
            "id": "locations/us-east4/namespaces/cloudy-lab/services/restme--us-east4",
            "location": "us-east4",
            "metadata": [
              {
                "annotations": {
                  "run.googleapis.com/ingress": "all",
                  "run.googleapis.com/ingress-status": "all",
                  "serving.knative.dev/creator": "mark@chmarny.com",
                  "serving.knative.dev/lastModifier": "mark@chmarny.com"
                },
                "generation": 1,
                "labels": {
                  "cloud.googleapis.com/location": "us-east4"
                },
                "namespace": "cloudy-lab",
                "resource_version": "AAXTJHjaHpw",
                "self_link": "/apis/serving.knative.dev/v1/namespaces/756793645202/services/restme--us-east4",
                "uid": "12a8923d-a672-4d4c-8d87-f28fb8665461"
              }
            ],
            "name": "restme--us-east4",
            "project": "cloudy-lab",
            "status": [
              {
                "conditions": [
                  {
                    "message": "",
                    "reason": "",
                    "status": "True",
                    "type": "Ready"
                  },
                  {
                    "message": "",
                    "reason": "",
                    "status": "True",
                    "type": "ConfigurationsReady"
                  },
                  {
                    "message": "",
                    "reason": "",
                    "status": "True",
                    "type": "RoutesReady"
                  }
                ],
                "latest_created_revision_name": "restme--us-east4-km4jk",
                "latest_ready_revision_name": "restme--us-east4-km4jk",
                "observed_generation": 1,
                "url": "https://restme--us-east4-7le7pmvzfq-uk.a.run.app"
              }
            ],
            "template": [
              {
                "metadata": [
                  {
                    "annotations": {
                      "autoscaling.knative.dev/maxScale": "100"
                    },
                    "generation": 0,
                    "labels": {},
                    "name": "",
                    "namespace": "",
                    "resource_version": "",
                    "self_link": "",
                    "uid": ""
                  }
                ],
                "spec": [
                  {
                    "container_concurrency": 80,
                    "containers": [
                      {
                        "args": null,
                        "command": null,
                        "env": [
                          {
                            "name": "ADDRESS",
                            "value": ":8080"
                          },
                          {
                            "name": "GIN_MODE",
                            "value": "release"
                          },
                          {
                            "name": "LOG_LEVEL",
                            "value": "debug"
                          }
                        ],
                        "env_from": [],
                        "image": "gcr.io/cloudy-lab/restme",
                        "ports": [
                          {
                            "container_port": 8080,
                            "name": "http1",
                            "protocol": ""
                          }
                        ],
                        "resources": [
                          {
                            "limits": {
                              "cpu": "1000m",
                              "memory": "512Mi"
                            },
                            "requests": {}
                          }
                        ],
                        "working_dir": ""
                      }
                    ],
                    "service_account_name": "",
                    "serving_state": "",
                    "timeout_seconds": 300
                  }
                ]
              }
            ],
            "timeouts": null,
            "traffic": [
              {
                "latest_revision": true,
                "percent": 100,
                "revision_name": ""
              }
            ]
          },
          "sensitive_attributes": [],
          "private": "eyJlMmJmYjczMC1lY2FhLTExZTYtOGY4OC0zNDM2M2JjN2M0YzAiOnsiY3JlYXRlIjozNjAwMDAwMDAwMDAsImRlbGV0ZSI6MjQwMDAwMDAwMDAwLCJ1cGRhdGUiOjkwMDAwMDAwMDAwMH0sInNjaGVtYV92ZXJzaW9uIjoiMSJ9",
          "dependencies": [
            "data.google_cloud_run_locations.default"
          ]
        },
        {
          "index_key": "us-west1",
          "schema_version": 1,
          "attributes": {
            "autogenerate_revision_name": false,
            "id": "locations/us-west1/namespaces/cloudy-lab/services/restme--us-west1",
            "location": "us-west1",
            "metadata": [
              {
                "annotations": {
                  "run.googleapis.com/ingress": "all",
                  "run.googleapis.com/ingress-status": "all",
                  "serving.knative.dev/creator": "mark@chmarny.com",
                  "serving.knative.dev/lastModifier": "mark@chmarny.com"
                },
                "generation": 1,
                "labels": {
                  "cloud.googleapis.com/location": "us-west1"
                },
                "namespace": "cloudy-lab",
                "resource_version": "AAXTJHhH1rg",
                "self_link": "/apis/serving.knative.dev/v1/namespaces/756793645202/services/restme--us-west1",
                "uid": "04f80444-383b-4e0c-bd9c-b1ed69c8c99f"
              }
            ],
            "name": "restme--us-west1",
            "project": "cloudy-lab",
            "status": [
              {
                "conditions": [
                  {
                    "message": "",
                    "reason": "",
                    "status": "True",
                    "type": "Ready"
                  },
                  {
                    "message": "",
                    "reason": "",
                    "status": "True",
                    "type": "ConfigurationsReady"
                  },
                  {
                    "message": "",
                    "reason": "",
                    "status": "True",
                    "type": "RoutesReady"
                  }
                ],
                "latest_created_revision_name": "restme--us-west1-lb4jt",
                "latest_ready_revision_name": "restme--us-west1-lb4jt",
                "observed_generation": 1,
                "url": "https://restme--us-west1-7le7pmvzfq-uw.a.run.app"
              }
            ],
            "template": [
              {
                "metadata": [
                  {
                    "annotations": {
                      "autoscaling.knative.dev/maxScale": "100"
                    },
                    "generation": 0,
                    "labels": {},
                    "name": "",
                    "namespace": "",
                    "resource_version": "",
                    "self_link": "",
                    "uid": ""
                  }
                ],
                "spec": [
                  {
                    "container_concurrency": 80,
                    "containers": [
                      {
                        "args": null,
                        "command": null,
                        "env": [
                          {
                            "name": "ADDRESS",
                            "value": ":8080"
                          },
                          {
                            "name": "GIN_MODE",
                            "value": "release"
                          },
                          {
                            "name": "LOG_LEVEL",
                            "value": "debug"
                          }
                        ],
                        "env_from": [],
                        "image": "gcr.io/cloudy-lab/restme",
                        "ports": [
                          {
                            "container_port": 8080,
                            "name": "http1",
                            "protocol": ""
                          }
                        ],
                        "resources": [
                          {
                            "limits": {
                              "cpu": "1000m",
                              "memory": "512Mi"
                            },
                            "requests": {}
                          }
                        ],
                        "working_dir": ""
                      }
                    ],
                    "service_account_name": "",
                    "serving_state": "",
                    "timeout_seconds": 300
                  }
                ]
              }
            ],
            "timeouts": null,
            "traffic": [
              {
                "latest_revision": true,
                "percent": 100,
                "revision_name": ""
              }
            ]
          },
          "sensitive_attributes": [],
          "private": "eyJlMmJmYjczMC1lY2FhLTExZTYtOGY4OC0zNDM2M2JjN2M0YzAiOnsiY3JlYXRlIjozNjAwMDAwMDAwMDAsImRlbGV0ZSI6MjQwMDAwMDAwMDAwLCJ1cGRhdGUiOjkwMDAwMDAwMDAwMH0sInNjaGVtYV92ZXJzaW9uIjoiMSJ9",
          "dependencies": [
            "data.google_cloud_run_locations.default"
          ]
        },
        {
          "index_key": "us-west2",
          "schema_version": 1,
          "attributes": {
            "autogenerate_revision_name": false,
            "id": "locations/us-west2/namespaces/cloudy-lab/services/restme--us-west2",
            "location": "us-west2",
            "metadata": [
              {
                "annotations": {
                  "run.googleapis.com/ingress": "all",
                  "run.googleapis.com/ingress-status": "all",
                  "serving.knative.dev/creator": "mark@chmarny.com",
                  "serving.knative.dev/lastModifier": "mark@chmarny.com"
                },
                "generation": 1,
                "labels": {
                  "cloud.googleapis.com/location": "us-west2"
                },
                "namespace": "cloudy-lab",
                "resource_version": "AAXTJHgn75k",
                "self_link": "/apis/serving.knative.dev/v1/namespaces/756793645202/services/restme--us-west2",
                "uid": "46895820-4427-4cc2-b6dc-2846cf9a32d4"
              }
            ],
            "name": "restme--us-west2",
            "project": "cloudy-lab",
            "status": [
              {
                "conditions": [
                  {
                    "message": "",
                    "reason": "",
                    "status": "True",
                    "type": "Ready"
                  },
                  {
                    "message": "",
                    "reason": "",
                    "status": "True",
                    "type": "ConfigurationsReady"
                  },
                  {
                    "message": "",
                    "reason": "",
                    "status": "True",
                    "type": "RoutesReady"
                  }
                ],
                "latest_created_revision_name": "restme--us-west2-d6khj",
                "latest_ready_revision_name": "restme--us-west2-d6khj",
                "observed_generation": 1,
                "url": "https://restme--us-west2-7le7pmvzfq-wl.a.run.app"
              }
            ],
            "template": [
              {
                "metadata": [
                  {
                    "annotations": {
                      "autoscaling.knative.dev/maxScale": "100"
                    },
                    "generation": 0,
                    "labels": {},
                    "name": "",
                    "namespace": "",
                    "resource_version": "",
                    "self_link": "",
                    "uid": ""
                  }
                ],
                "spec": [
                  {
                    "container_concurrency": 80,
                    "containers": [
                      {
                        "args": null,
                        "command": null,
                        "env": [
                          {
                            "name": "ADDRESS",
                            "value": ":8080"
                          },
                          {
                            "name": "GIN_MODE",
                            "value": "release"
                          },
                          {
                            "name": "LOG_LEVEL",
                            "value": "debug"
                          }
                        ],
                        "env_from": [],
                        "image": "gcr.io/cloudy-lab/restme",
                        "ports": [
                          {
                            "container_port": 8080,
                            "name": "http1",
                            "protocol": ""
                          }
                        ],
                        "resources": [
                          {
                            "limits": {
                              "cpu": "1000m",
                              "memory": "512Mi"
                            },
                            "requests": {}
                          }
                        ],
                        "working_dir": ""
                      }
                    ],
                    "service_account_name": "",
                    "serving_state": "",
                    "timeout_seconds": 300
                  }
                ]
              }
            ],
            "timeouts": null,
            "traffic": [
              {
                "latest_revision": true,
                "percent": 100,
                "revision_name": ""
              }
            ]
          },
          "sensitive_attributes": [],
          "private": "eyJlMmJmYjczMC1lY2FhLTExZTYtOGY4OC0zNDM2M2JjN2M0YzAiOnsiY3JlYXRlIjozNjAwMDAwMDAwMDAsImRlbGV0ZSI6MjQwMDAwMDAwMDAwLCJ1cGRhdGUiOjkwMDAwMDAwMDAwMH0sInNjaGVtYV92ZXJzaW9uIjoiMSJ9",
          "dependencies": [
            "data.google_cloud_run_locations.default"
          ]
        },
        {
          "index_key": "us-west3",
          "schema_version": 1,
          "attributes": {
            "autogenerate_revision_name": false,
            "id": "locations/us-west3/namespaces/cloudy-lab/services/restme--us-west3",
            "location": "us-west3",
            "metadata": [
              {
                "annotations": {
                  "run.googleapis.com/ingress": "all",
                  "run.googleapis.com/ingress-status": "all",
                  "serving.knative.dev/creator": "mark@chmarny.com",
                  "serving.knative.dev/lastModifier": "mark@chmarny.com"
                },
                "generation": 1,
                "labels": {
                  "cloud.googleapis.com/location": "us-west3"
                },
                "namespace": "cloudy-lab",
                "resource_version": "AAXTJHTPkwk",
                "self_link": "/apis/serving.knative.dev/v1/namespaces/756793645202/services/restme--us-west3",
                "uid": "1c1e6f02-5aa3-4af4-8a29-a09b50ea085b"
              }
            ],
            "name": "restme--us-west3",
            "project": "cloudy-lab",
            "status": [
              {
                "conditions": [
                  {
                    "message": "",
                    "reason": "",
                    "status": "True",
                    "type": "Ready"
                  },
                  {
                    "message": "",
                    "reason": "",
                    "status": "True",
                    "type": "ConfigurationsReady"
                  },
                  {
                    "message": "",
                    "reason": "",
                    "status": "True",
                    "type": "RoutesReady"
                  }
                ],
                "latest_created_revision_name": "restme--us-west3-wwgjr",
                "latest_ready_revision_name": "restme--us-west3-wwgjr",
                "observed_generation": 1,
                "url": "https://restme--us-west3-7le7pmvzfq-wm.a.run.app"
              }
            ],
            "template": [
              {
                "metadata": [
                  {
                    "annotations": {
                      "autoscaling.knative.dev/maxScale": "100"
                    },
                    "generation": 0,
                    "labels": {},
                    "name": "",
                    "namespace": "",
                    "resource_version": "",
                    "self_link": "",
                    "uid": ""
                  }
                ],
                "spec": [
                  {
                    "container_concurrency": 80,
                    "containers": [
                      {
                        "args": null,
                        "command": null,
                        "env": [
                          {
                            "name": "ADDRESS",
                            "value": ":8080"
                          },
                          {
                            "name": "GIN_MODE",
                            "value": "release"
                          },
                          {
                            "name": "LOG_LEVEL",
                            "value": "debug"
                          }
                        ],
                        "env_from": [],
                        "image": "gcr.io/cloudy-lab/restme",
                        "ports": [
                          {
                            "container_port": 8080,
                            "name": "http1",
                            "protocol": ""
                          }
                        ],
                        "resources": [
                          {
                            "limits": {
                              "cpu": "1000m",
                              "memory": "512Mi"
                            },
                            "requests": {}
                          }
                        ],
                        "working_dir": ""
                      }
                    ],
                    "service_account_name": "",
                    "serving_state": "",
                    "timeout_seconds": 300
                  }
                ]
              }
            ],
            "timeouts": null,
            "traffic": [
              {
                "latest_revision": true,
                "percent": 100,
                "revision_name": ""
              }
            ]
          },
          "sensitive_attributes": [],
          "private": "eyJlMmJmYjczMC1lY2FhLTExZTYtOGY4OC0zNDM2M2JjN2M0YzAiOnsiY3JlYXRlIjozNjAwMDAwMDAwMDAsImRlbGV0ZSI6MjQwMDAwMDAwMDAwLCJ1cGRhdGUiOjkwMDAwMDAwMDAwMH0sInNjaGVtYV92ZXJzaW9uIjoiMSJ9",
          "dependencies": [
            "data.google_cloud_run_locations.default"
          ]
        },
        {
          "index_key": "us-west4",
          "schema_version": 1,
          "attributes": {
            "autogenerate_revision_name": false,
            "id": "locations/us-west4/namespaces/cloudy-lab/services/restme--us-west4",
            "location": "us-west4",
            "metadata": [
              {
                "annotations": {
                  "run.googleapis.com/ingress": "all",
                  "run.googleapis.com/ingress-status": "all",
                  "serving.knative.dev/creator": "mark@chmarny.com",
                  "serving.knative.dev/lastModifier": "mark@chmarny.com"
                },
                "generation": 1,
                "labels": {
                  "cloud.googleapis.com/location": "us-west4"
                },
                "namespace": "cloudy-lab",
                "resource_version": "AAXTJHbo/6k",
                "self_link": "/apis/serving.knative.dev/v1/namespaces/756793645202/services/restme--us-west4",
                "uid": "76348cd7-d11c-460a-91d9-e2b279e5b255"
              }
            ],
            "name": "restme--us-west4",
            "project": "cloudy-lab",
            "status": [
              {
                "conditions": [
                  {
                    "message": "",
                    "reason": "",
                    "status": "True",
                    "type": "Ready"
                  },
                  {
                    "message": "",
                    "reason": "",
                    "status": "True",
                    "type": "ConfigurationsReady"
                  },
                  {
                    "message": "",
                    "reason": "",
                    "status": "True",
                    "type": "RoutesReady"
                  }
                ],
                "latest_created_revision_name": "restme--us-west4-bv2bb",
                "latest_ready_revision_name": "restme--us-west4-bv2bb",
                "observed_generation": 1,
                "url": "https://restme--us-west4-7le7pmvzfq-wn.a.run.app"
              }
            ],
            "template": [
              {
                "metadata": [
                  {
                    "annotations": {
                      "autoscaling.knative.dev/maxScale": "100"
                    },
                    "generation": 0,
                    "labels": {},
                    "name": "",
                    "namespace": "",
                    "resource_version": "",
                    "self_link": "",
                    "uid": ""
                  }
                ],
                "spec": [
                  {
                    "container_concurrency": 80,
                    "containers": [
                      {
                        "args": null,
                        "command": null,
                        "env": [
                          {
                            "name": "ADDRESS",
                            "value": ":8080"
                          },
                          {
                            "name": "GIN_MODE",
                            "value": "release"
                          },
                          {
                            "name": "LOG_LEVEL",
                            "value": "debug"
                          }
                        ],
                        "env_from": [],
                        "image": "gcr.io/cloudy-lab/restme",
                        "ports": [
                          {
                            "container_port": 8080,
                            "name": "http1",
                            "protocol": ""
                          }
                        ],
                        "resources": [
                          {
                            "limits": {
                              "cpu": "1000m",
                              "memory": "512Mi"
                            },
                            "requests": {}
                          }
                        ],
                        "working_dir": ""
                      }
                    ],
                    "service_account_name": "",
                    "serving_state": "",
                    "timeout_seconds": 300
                  }
                ]
              }
            ],
            "timeouts": null,
            "traffic": [
              {
                "latest_revision": true,
                "percent": 100,
                "revision_name": ""
              }
            ]
          },
          "sensitive_attributes": [],
          "private": "eyJlMmJmYjczMC1lY2FhLTExZTYtOGY4OC0zNDM2M2JjN2M0YzAiOnsiY3JlYXRlIjozNjAwMDAwMDAwMDAsImRlbGV0ZSI6MjQwMDAwMDAwMDAwLCJ1cGRhdGUiOjkwMDAwMDAwMDAwMH0sInNjaGVtYV92ZXJzaW9uIjoiMSJ9",
          "dependencies": [
            "data.google_cloud_run_locations.default"
          ]
        }
      ]
    },
    {
      "mode": "managed",
      "type": "google_cloud_run_service_iam_member",
      "name": "default",
      "provider": "provider[\"registry.terraform.io/hashicorp/google\"]",
      "instances": [
        {
          "index_key": "asia-east1",
          "schema_version": 0,
          "attributes": {
            "condition": [],
            "etag": "BwXTJH03vyA=",
            "id": "v1/projects/cloudy-lab/locations/asia-east1/services/restme--asia-east1/roles/run.invoker/allUsers",
            "location": "asia-east1",
            "member": "allUsers",
            "project": "cloudy-lab",
            "role": "roles/run.invoker",
            "service": "v1/projects/cloudy-lab/locations/asia-east1/services/restme--asia-east1"
          },
          "sensitive_attributes": [],
          "private": "bnVsbA==",
          "dependencies": [
            "data.google_cloud_run_locations.default",
            "google_cloud_run_service.default"
          ]
        },
        {
          "index_key": "asia-east2",
          "schema_version": 0,
          "attributes": {
            "condition": [],
            "etag": "BwXTJHrhvkE=",
            "id": "v1/projects/cloudy-lab/locations/asia-east2/services/restme--asia-east2/roles/run.invoker/allUsers",
            "location": "asia-east2",
            "member": "allUsers",
            "project": "cloudy-lab",
            "role": "roles/run.invoker",
            "service": "v1/projects/cloudy-lab/locations/asia-east2/services/restme--asia-east2"
          },
          "sensitive_attributes": [],
          "private": "bnVsbA==",
          "dependencies": [
            "data.google_cloud_run_locations.default",
            "google_cloud_run_service.default"
          ]
        },
        {
          "index_key": "asia-northeast1",
          "schema_version": 0,
          "attributes": {
            "condition": [],
            "etag": "BwXTJHylYFQ=",
            "id": "v1/projects/cloudy-lab/locations/asia-northeast1/services/restme--asia-northeast1/roles/run.invoker/allUsers",
            "location": "asia-northeast1",
            "member": "allUsers",
            "project": "cloudy-lab",
            "role": "roles/run.invoker",
            "service": "v1/projects/cloudy-lab/locations/asia-northeast1/services/restme--asia-northeast1"
          },
          "sensitive_attributes": [],
          "private": "bnVsbA==",
          "dependencies": [
            "data.google_cloud_run_locations.default",
            "google_cloud_run_service.default"
          ]
        },
        {
          "index_key": "asia-northeast2",
          "schema_version": 0,
          "attributes": {
            "condition": [],
            "etag": "BwXTJHzs+6A=",
            "id": "v1/projects/cloudy-lab/locations/asia-northeast2/services/restme--asia-northeast2/roles/run.invoker/allUsers",
            "location": "asia-northeast2",
            "member": "allUsers",
            "project": "cloudy-lab",
            "role": "roles/run.invoker",
            "service": "v1/projects/cloudy-lab/locations/asia-northeast2/services/restme--asia-northeast2"
          },
          "sensitive_attributes": [],
          "private": "bnVsbA==",
          "dependencies": [
            "data.google_cloud_run_locations.default",
            "google_cloud_run_service.default"
          ]
        },
        {
          "index_key": "asia-northeast3",
          "schema_version": 0,
          "attributes": {
            "condition": [],
            "etag": "BwXTJHzobJk=",
            "id": "v1/projects/cloudy-lab/locations/asia-northeast3/services/restme--asia-northeast3/roles/run.invoker/allUsers",
            "location": "asia-northeast3",
            "member": "allUsers",
            "project": "cloudy-lab",
            "role": "roles/run.invoker",
            "service": "v1/projects/cloudy-lab/locations/asia-northeast3/services/restme--asia-northeast3"
          },
          "sensitive_attributes": [],
          "private": "bnVsbA==",
          "dependencies": [
            "data.google_cloud_run_locations.default",
            "google_cloud_run_service.default"
          ]
        },
        {
          "index_key": "asia-south1",
          "schema_version": 0,
          "attributes": {
            "condition": [],
            "etag": "BwXTJH27E9k=",
            "id": "v1/projects/cloudy-lab/locations/asia-south1/services/restme--asia-south1/roles/run.invoker/allUsers",
            "location": "asia-south1",
            "member": "allUsers",
            "project": "cloudy-lab",
            "role": "roles/run.invoker",
            "service": "v1/projects/cloudy-lab/locations/asia-south1/services/restme--asia-south1"
          },
          "sensitive_attributes": [],
          "private": "bnVsbA==",
          "dependencies": [
            "data.google_cloud_run_locations.default",
            "google_cloud_run_service.default"
          ]
        },
        {
          "index_key": "asia-south2",
          "schema_version": 0,
          "attributes": {
            "condition": [],
            "etag": "BwXTJH2EPk0=",
            "id": "v1/projects/cloudy-lab/locations/asia-south2/services/restme--asia-south2/roles/run.invoker/allUsers",
            "location": "asia-south2",
            "member": "allUsers",
            "project": "cloudy-lab",
            "role": "roles/run.invoker",
            "service": "v1/projects/cloudy-lab/locations/asia-south2/services/restme--asia-south2"
          },
          "sensitive_attributes": [],
          "private": "bnVsbA==",
          "dependencies": [
            "data.google_cloud_run_locations.default",
            "google_cloud_run_service.default"
          ]
        },
        {
          "index_key": "asia-southeast1",
          "schema_version": 0,
          "attributes": {
            "condition": [],
            "etag": "BwXTJH2tVdU=",
            "id": "v1/projects/cloudy-lab/locations/asia-southeast1/services/restme--asia-southeast1/roles/run.invoker/allUsers",
            "location": "asia-southeast1",
            "member": "allUsers",
            "project": "cloudy-lab",
            "role": "roles/run.invoker",
            "service": "v1/projects/cloudy-lab/locations/asia-southeast1/services/restme--asia-southeast1"
          },
          "sensitive_attributes": [],
          "private": "bnVsbA==",
          "dependencies": [
            "data.google_cloud_run_locations.default",
            "google_cloud_run_service.default"
          ]
        },
        {
          "index_key": "asia-southeast2",
          "schema_version": 0,
          "attributes": {
            "condition": [],
            "etag": "BwXTJHyWCu0=",
            "id": "v1/projects/cloudy-lab/locations/asia-southeast2/services/restme--asia-southeast2/roles/run.invoker/allUsers",
            "location": "asia-southeast2",
            "member": "allUsers",
            "project": "cloudy-lab",
            "role": "roles/run.invoker",
            "service": "v1/projects/cloudy-lab/locations/asia-southeast2/services/restme--asia-southeast2"
          },
          "sensitive_attributes": [],
          "private": "bnVsbA==",
          "dependencies": [
            "data.google_cloud_run_locations.default",
            "google_cloud_run_service.default"
          ]
        },
        {
          "index_key": "australia-southeast1",
          "schema_version": 0,
          "attributes": {
            "condition": [],
            "etag": "BwXTJHxmqvA=",
            "id": "v1/projects/cloudy-lab/locations/australia-southeast1/services/restme--australia-southeast1/roles/run.invoker/allUsers",
            "location": "australia-southeast1",
            "member": "allUsers",
            "project": "cloudy-lab",
            "role": "roles/run.invoker",
            "service": "v1/projects/cloudy-lab/locations/australia-southeast1/services/restme--australia-southeast1"
          },
          "sensitive_attributes": [],
          "private": "bnVsbA==",
          "dependencies": [
            "data.google_cloud_run_locations.default",
            "google_cloud_run_service.default"
          ]
        },
        {
          "index_key": "australia-southeast2",
          "schema_version": 0,
          "attributes": {
            "condition": [],
            "etag": "BwXTJHrksmw=",
            "id": "v1/projects/cloudy-lab/locations/australia-southeast2/services/restme--australia-southeast2/roles/run.invoker/allUsers",
            "location": "australia-southeast2",
            "member": "allUsers",
            "project": "cloudy-lab",
            "role": "roles/run.invoker",
            "service": "v1/projects/cloudy-lab/locations/australia-southeast2/services/restme--australia-southeast2"
          },
          "sensitive_attributes": [],
          "private": "bnVsbA==",
          "dependencies": [
            "data.google_cloud_run_locations.default",
            "google_cloud_run_service.default"
          ]
        },
        {
          "index_key": "europe-central2",
          "schema_version": 0,
          "attributes": {
            "condition": [],
            "etag": "BwXTJHxY9+I=",
            "id": "v1/projects/cloudy-lab/locations/europe-central2/services/restme--europe-central2/roles/run.invoker/allUsers",
            "location": "europe-central2",
            "member": "allUsers",
            "project": "cloudy-lab",
            "role": "roles/run.invoker",
            "service": "v1/projects/cloudy-lab/locations/europe-central2/services/restme--europe-central2"
          },
          "sensitive_attributes": [],
          "private": "bnVsbA==",
          "dependencies": [
            "data.google_cloud_run_locations.default",
            "google_cloud_run_service.default"
          ]
        },
        {
          "index_key": "europe-north1",
          "schema_version": 0,
          "attributes": {
            "condition": [],
            "etag": "BwXTJHymxkA=",
            "id": "v1/projects/cloudy-lab/locations/europe-north1/services/restme--europe-north1/roles/run.invoker/allUsers",
            "location": "europe-north1",
            "member": "allUsers",
            "project": "cloudy-lab",
            "role": "roles/run.invoker",
            "service": "v1/projects/cloudy-lab/locations/europe-north1/services/restme--europe-north1"
          },
          "sensitive_attributes": [],
          "private": "bnVsbA==",
          "dependencies": [
            "data.google_cloud_run_locations.default",
            "google_cloud_run_service.default"
          ]
        },
        {
          "index_key": "europe-west1",
          "schema_version": 0,
          "attributes": {
            "condition": [],
            "etag": "BwXTJH4nKp4=",
            "id": "v1/projects/cloudy-lab/locations/europe-west1/services/restme--europe-west1/roles/run.invoker/allUsers",
            "location": "europe-west1",
            "member": "allUsers",
            "project": "cloudy-lab",
            "role": "roles/run.invoker",
            "service": "v1/projects/cloudy-lab/locations/europe-west1/services/restme--europe-west1"
          },
          "sensitive_attributes": [],
          "private": "bnVsbA==",
          "dependencies": [
            "data.google_cloud_run_locations.default",
            "google_cloud_run_service.default"
          ]
        },
        {
          "index_key": "europe-west2",
          "schema_version": 0,
          "attributes": {
            "condition": [],
            "etag": "BwXTJH4OVZc=",
            "id": "v1/projects/cloudy-lab/locations/europe-west2/services/restme--europe-west2/roles/run.invoker/allUsers",
            "location": "europe-west2",
            "member": "allUsers",
            "project": "cloudy-lab",
            "role": "roles/run.invoker",
            "service": "v1/projects/cloudy-lab/locations/europe-west2/services/restme--europe-west2"
          },
          "sensitive_attributes": [],
          "private": "bnVsbA==",
          "dependencies": [
            "data.google_cloud_run_locations.default",
            "google_cloud_run_service.default"
          ]
        },
        {
          "index_key": "europe-west3",
          "schema_version": 0,
          "attributes": {
            "condition": [],
            "etag": "BwXTJHtE3KY=",
            "id": "v1/projects/cloudy-lab/locations/europe-west3/services/restme--europe-west3/roles/run.invoker/allUsers",
            "location": "europe-west3",
            "member": "allUsers",
            "project": "cloudy-lab",
            "role": "roles/run.invoker",
            "service": "v1/projects/cloudy-lab/locations/europe-west3/services/restme--europe-west3"
          },
          "sensitive_attributes": [],
          "private": "bnVsbA==",
          "dependencies": [
            "data.google_cloud_run_locations.default",
            "google_cloud_run_service.default"
          ]
        },
        {
          "index_key": "europe-west4",
          "schema_version": 0,
          "attributes": {
            "condition": [],
            "etag": "BwXTJH3rweI=",
            "id": "v1/projects/cloudy-lab/locations/europe-west4/services/restme--europe-west4/roles/run.invoker/allUsers",
            "location": "europe-west4",
            "member": "allUsers",
            "project": "cloudy-lab",
            "role": "roles/run.invoker",
            "service": "v1/projects/cloudy-lab/locations/europe-west4/services/restme--europe-west4"
          },
          "sensitive_attributes": [],
          "private": "bnVsbA==",
          "dependencies": [
            "data.google_cloud_run_locations.default",
            "google_cloud_run_service.default"
          ]
        },
        {
          "index_key": "europe-west6",
          "schema_version": 0,
          "attributes": {
            "condition": [],
            "etag": "BwXTJHtBNqo=",
            "id": "v1/projects/cloudy-lab/locations/europe-west6/services/restme--europe-west6/roles/run.invoker/allUsers",
            "location": "europe-west6",
            "member": "allUsers",
            "project": "cloudy-lab",
            "role": "roles/run.invoker",
            "service": "v1/projects/cloudy-lab/locations/europe-west6/services/restme--europe-west6"
          },
          "sensitive_attributes": [],
          "private": "bnVsbA==",
          "dependencies": [
            "data.google_cloud_run_locations.default",
            "google_cloud_run_service.default"
          ]
        },
        {
          "index_key": "northamerica-northeast1",
          "schema_version": 0,
          "attributes": {
            "condition": [],
            "etag": "BwXTJHwec2Y=",
            "id": "v1/projects/cloudy-lab/locations/northamerica-northeast1/services/restme--northamerica-northeast1/roles/run.invoker/allUsers",
            "location": "northamerica-northeast1",
            "member": "allUsers",
            "project": "cloudy-lab",
            "role": "roles/run.invoker",
            "service": "v1/projects/cloudy-lab/locations/northamerica-northeast1/services/restme--northamerica-northeast1"
          },
          "sensitive_attributes": [],
          "private": "bnVsbA==",
          "dependencies": [
            "data.google_cloud_run_locations.default",
            "google_cloud_run_service.default"
          ]
        },
        {
          "index_key": "northamerica-northeast2",
          "schema_version": 0,
          "attributes": {
            "condition": [],
            "etag": "BwXTJHteuKc=",
            "id": "v1/projects/cloudy-lab/locations/northamerica-northeast2/services/restme--northamerica-northeast2/roles/run.invoker/allUsers",
            "location": "northamerica-northeast2",
            "member": "allUsers",
            "project": "cloudy-lab",
            "role": "roles/run.invoker",
            "service": "v1/projects/cloudy-lab/locations/northamerica-northeast2/services/restme--northamerica-northeast2"
          },
          "sensitive_attributes": [],
          "private": "bnVsbA==",
          "dependencies": [
            "data.google_cloud_run_locations.default",
            "google_cloud_run_service.default"
          ]
        },
        {
          "index_key": "southamerica-east1",
          "schema_version": 0,
          "attributes": {
            "condition": [],
            "etag": "BwXTJH4BHhE=",
            "id": "v1/projects/cloudy-lab/locations/southamerica-east1/services/restme--southamerica-east1/roles/run.invoker/allUsers",
            "location": "southamerica-east1",
            "member": "allUsers",
            "project": "cloudy-lab",
            "role": "roles/run.invoker",
            "service": "v1/projects/cloudy-lab/locations/southamerica-east1/services/restme--southamerica-east1"
          },
          "sensitive_attributes": [],
          "private": "bnVsbA==",
          "dependencies": [
            "data.google_cloud_run_locations.default",
            "google_cloud_run_service.default"
          ]
        },
        {
          "index_key": "southamerica-west1",
          "schema_version": 0,
          "attributes": {
            "condition": [],
            "etag": "BwXTJHrX620=",
            "id": "v1/projects/cloudy-lab/locations/southamerica-west1/services/restme--southamerica-west1/roles/run.invoker/allUsers",
            "location": "southamerica-west1",
            "member": "allUsers",
            "project": "cloudy-lab",
            "role": "roles/run.invoker",
            "service": "v1/projects/cloudy-lab/locations/southamerica-west1/services/restme--southamerica-west1"
          },
          "sensitive_attributes": [],
          "private": "bnVsbA==",
          "dependencies": [
            "data.google_cloud_run_locations.default",
            "google_cloud_run_service.default"
          ]
        },
        {
          "index_key": "us-central1",
          "schema_version": 0,
          "attributes": {
            "condition": [],
            "etag": "BwXTJH1cjy0=",
            "id": "v1/projects/cloudy-lab/locations/us-central1/services/restme--us-central1/roles/run.invoker/allUsers",
            "location": "us-central1",
            "member": "allUsers",
            "project": "cloudy-lab",
            "role": "roles/run.invoker",
            "service": "v1/projects/cloudy-lab/locations/us-central1/services/restme--us-central1"
          },
          "sensitive_attributes": [],
          "private": "bnVsbA==",
          "dependencies": [
            "data.google_cloud_run_locations.default",
            "google_cloud_run_service.default"
          ]
        },
        {
          "index_key": "us-east1",
          "schema_version": 0,
          "attributes": {
            "condition": [],
            "etag": "BwXTJHrOvgQ=",
            "id": "v1/projects/cloudy-lab/locations/us-east1/services/restme--us-east1/roles/run.invoker/allUsers",
            "location": "us-east1",
            "member": "allUsers",
            "project": "cloudy-lab",
            "role": "roles/run.invoker",
            "service": "v1/projects/cloudy-lab/locations/us-east1/services/restme--us-east1"
          },
          "sensitive_attributes": [],
          "private": "bnVsbA==",
          "dependencies": [
            "data.google_cloud_run_locations.default",
            "google_cloud_run_service.default"
          ]
        },
        {
          "index_key": "us-east4",
          "schema_version": 0,
          "attributes": {
            "condition": [],
            "etag": "BwXTJHrSanQ=",
            "id": "v1/projects/cloudy-lab/locations/us-east4/services/restme--us-east4/roles/run.invoker/allUsers",
            "location": "us-east4",
            "member": "allUsers",
            "project": "cloudy-lab",
            "role": "roles/run.invoker",
            "service": "v1/projects/cloudy-lab/locations/us-east4/services/restme--us-east4"
          },
          "sensitive_attributes": [],
          "private": "bnVsbA==",
          "dependencies": [
            "data.google_cloud_run_locations.default",
            "google_cloud_run_service.default"
          ]
        },
        {
          "index_key": "us-west1",
          "schema_version": 0,
          "attributes": {
            "condition": [],
            "etag": "BwXTJHxQEbM=",
            "id": "v1/projects/cloudy-lab/locations/us-west1/services/restme--us-west1/roles/run.invoker/allUsers",
            "location": "us-west1",
            "member": "allUsers",
            "project": "cloudy-lab",
            "role": "roles/run.invoker",
            "service": "v1/projects/cloudy-lab/locations/us-west1/services/restme--us-west1"
          },
          "sensitive_attributes": [],
          "private": "bnVsbA==",
          "dependencies": [
            "data.google_cloud_run_locations.default",
            "google_cloud_run_service.default"
          ]
        },
        {
          "index_key": "us-west2",
          "schema_version": 0,
          "attributes": {
            "condition": [],
            "etag": "BwXTJHvCMcU=",
            "id": "v1/projects/cloudy-lab/locations/us-west2/services/restme--us-west2/roles/run.invoker/allUsers",
            "location": "us-west2",
            "member": "allUsers",
            "project": "cloudy-lab",
            "role": "roles/run.invoker",
            "service": "v1/projects/cloudy-lab/locations/us-west2/services/restme--us-west2"
          },
          "sensitive_attributes": [],
          "private": "bnVsbA==",
          "dependencies": [
            "data.google_cloud_run_locations.default",
            "google_cloud_run_service.default"
          ]
        },
        {
          "index_key": "us-west3",
          "schema_version": 0,
          "attributes": {
            "condition": [],
            "etag": "BwXTJH2yFWQ=",
            "id": "v1/projects/cloudy-lab/locations/us-west3/services/restme--us-west3/roles/run.invoker/allUsers",
            "location": "us-west3",
            "member": "allUsers",
            "project": "cloudy-lab",
            "role": "roles/run.invoker",
            "service": "v1/projects/cloudy-lab/locations/us-west3/services/restme--us-west3"
          },
          "sensitive_attributes": [],
          "private": "bnVsbA==",
          "dependencies": [
            "data.google_cloud_run_locations.default",
            "google_cloud_run_service.default"
          ]
        },
        {
          "index_key": "us-west4",
          "schema_version": 0,
          "attributes": {
            "condition": [],
            "etag": "BwXTJHum09s=",
            "id": "v1/projects/cloudy-lab/locations/us-west4/services/restme--us-west4/roles/run.invoker/allUsers",
            "location": "us-west4",
            "member": "allUsers",
            "project": "cloudy-lab",
            "role": "roles/run.invoker",
            "service": "v1/projects/cloudy-lab/locations/us-west4/services/restme--us-west4"
          },
          "sensitive_attributes": [],
          "private": "bnVsbA==",
          "dependencies": [
            "data.google_cloud_run_locations.default",
            "google_cloud_run_service.default"
          ]
        }
      ]
    },
    {
      "mode": "managed",
      "type": "google_compute_region_network_endpoint_group",
      "name": "default",
      "provider": "provider[\"registry.terraform.io/hashicorp/google\"]",
      "instances": [
        {
          "index_key": "asia-east1",
          "schema_version": 0,
          "attributes": {
            "app_engine": [],
            "cloud_function": [],
            "cloud_run": [
              {
                "service": "restme--asia-east1",
                "tag": "",
                "url_mask": ""
              }
            ],
            "description": "",
            "id": "projects/cloudy-lab/regions/asia-east1/networkEndpointGroups/restme--neg--asia-east1",
            "name": "restme--neg--asia-east1",
            "network_endpoint_type": "SERVERLESS",
            "project": "cloudy-lab",
            "region": "https://www.googleapis.com/compute/v1/projects/cloudy-lab/regions/asia-east1",
            "self_link": "https://www.googleapis.com/compute/v1/projects/cloudy-lab/regions/asia-east1/networkEndpointGroups/restme--neg--asia-east1",
            "timeouts": null
          },
          "sensitive_attributes": [],
          "private": "eyJlMmJmYjczMC1lY2FhLTExZTYtOGY4OC0zNDM2M2JjN2M0YzAiOnsiY3JlYXRlIjoyNDAwMDAwMDAwMDAsImRlbGV0ZSI6MjQwMDAwMDAwMDAwfX0=",
          "dependencies": [
            "data.google_cloud_run_locations.default",
            "google_cloud_run_service.default"
          ]
        },
        {
          "index_key": "asia-east2",
          "schema_version": 0,
          "attributes": {
            "app_engine": [],
            "cloud_function": [],
            "cloud_run": [
              {
                "service": "restme--asia-east2",
                "tag": "",
                "url_mask": ""
              }
            ],
            "description": "",
            "id": "projects/cloudy-lab/regions/asia-east2/networkEndpointGroups/restme--neg--asia-east2",
            "name": "restme--neg--asia-east2",
            "network_endpoint_type": "SERVERLESS",
            "project": "cloudy-lab",
            "region": "https://www.googleapis.com/compute/v1/projects/cloudy-lab/regions/asia-east2",
            "self_link": "https://www.googleapis.com/compute/v1/projects/cloudy-lab/regions/asia-east2/networkEndpointGroups/restme--neg--asia-east2",
            "timeouts": null
          },
          "sensitive_attributes": [],
          "private": "eyJlMmJmYjczMC1lY2FhLTExZTYtOGY4OC0zNDM2M2JjN2M0YzAiOnsiY3JlYXRlIjoyNDAwMDAwMDAwMDAsImRlbGV0ZSI6MjQwMDAwMDAwMDAwfX0=",
          "dependencies": [
            "data.google_cloud_run_locations.default",
            "google_cloud_run_service.default"
          ]
        },
        {
          "index_key": "asia-northeast1",
          "schema_version": 0,
          "attributes": {
            "app_engine": [],
            "cloud_function": [],
            "cloud_run": [
              {
                "service": "restme--asia-northeast1",
                "tag": "",
                "url_mask": ""
              }
            ],
            "description": "",
            "id": "projects/cloudy-lab/regions/asia-northeast1/networkEndpointGroups/restme--neg--asia-northeast1",
            "name": "restme--neg--asia-northeast1",
            "network_endpoint_type": "SERVERLESS",
            "project": "cloudy-lab",
            "region": "https://www.googleapis.com/compute/v1/projects/cloudy-lab/regions/asia-northeast1",
            "self_link": "https://www.googleapis.com/compute/v1/projects/cloudy-lab/regions/asia-northeast1/networkEndpointGroups/restme--neg--asia-northeast1",
            "timeouts": null
          },
          "sensitive_attributes": [],
          "private": "eyJlMmJmYjczMC1lY2FhLTExZTYtOGY4OC0zNDM2M2JjN2M0YzAiOnsiY3JlYXRlIjoyNDAwMDAwMDAwMDAsImRlbGV0ZSI6MjQwMDAwMDAwMDAwfX0=",
          "dependencies": [
            "data.google_cloud_run_locations.default",
            "google_cloud_run_service.default"
          ]
        },
        {
          "index_key": "asia-northeast2",
          "schema_version": 0,
          "attributes": {
            "app_engine": [],
            "cloud_function": [],
            "cloud_run": [
              {
                "service": "restme--asia-northeast2",
                "tag": "",
                "url_mask": ""
              }
            ],
            "description": "",
            "id": "projects/cloudy-lab/regions/asia-northeast2/networkEndpointGroups/restme--neg--asia-northeast2",
            "name": "restme--neg--asia-northeast2",
            "network_endpoint_type": "SERVERLESS",
            "project": "cloudy-lab",
            "region": "https://www.googleapis.com/compute/v1/projects/cloudy-lab/regions/asia-northeast2",
            "self_link": "https://www.googleapis.com/compute/v1/projects/cloudy-lab/regions/asia-northeast2/networkEndpointGroups/restme--neg--asia-northeast2",
            "timeouts": null
          },
          "sensitive_attributes": [],
          "private": "eyJlMmJmYjczMC1lY2FhLTExZTYtOGY4OC0zNDM2M2JjN2M0YzAiOnsiY3JlYXRlIjoyNDAwMDAwMDAwMDAsImRlbGV0ZSI6MjQwMDAwMDAwMDAwfX0=",
          "dependencies": [
            "data.google_cloud_run_locations.default",
            "google_cloud_run_service.default"
          ]
        },
        {
          "index_key": "asia-northeast3",
          "schema_version": 0,
          "attributes": {
            "app_engine": [],
            "cloud_function": [],
            "cloud_run": [
              {
                "service": "restme--asia-northeast3",
                "tag": "",
                "url_mask": ""
              }
            ],
            "description": "",
            "id": "projects/cloudy-lab/regions/asia-northeast3/networkEndpointGroups/restme--neg--asia-northeast3",
            "name": "restme--neg--asia-northeast3",
            "network_endpoint_type": "SERVERLESS",
            "project": "cloudy-lab",
            "region": "https://www.googleapis.com/compute/v1/projects/cloudy-lab/regions/asia-northeast3",
            "self_link": "https://www.googleapis.com/compute/v1/projects/cloudy-lab/regions/asia-northeast3/networkEndpointGroups/restme--neg--asia-northeast3",
            "timeouts": null
          },
          "sensitive_attributes": [],
          "private": "eyJlMmJmYjczMC1lY2FhLTExZTYtOGY4OC0zNDM2M2JjN2M0YzAiOnsiY3JlYXRlIjoyNDAwMDAwMDAwMDAsImRlbGV0ZSI6MjQwMDAwMDAwMDAwfX0=",
          "dependencies": [
            "data.google_cloud_run_locations.default",
            "google_cloud_run_service.default"
          ]
        },
        {
          "index_key": "asia-south1",
          "schema_version": 0,
          "attributes": {
            "app_engine": [],
            "cloud_function": [],
            "cloud_run": [
              {
                "service": "restme--asia-south1",
                "tag": "",
                "url_mask": ""
              }
            ],
            "description": "",
            "id": "projects/cloudy-lab/regions/asia-south1/networkEndpointGroups/restme--neg--asia-south1",
            "name": "restme--neg--asia-south1",
            "network_endpoint_type": "SERVERLESS",
            "project": "cloudy-lab",
            "region": "https://www.googleapis.com/compute/v1/projects/cloudy-lab/regions/asia-south1",
            "self_link": "https://www.googleapis.com/compute/v1/projects/cloudy-lab/regions/asia-south1/networkEndpointGroups/restme--neg--asia-south1",
            "timeouts": null
          },
          "sensitive_attributes": [],
          "private": "eyJlMmJmYjczMC1lY2FhLTExZTYtOGY4OC0zNDM2M2JjN2M0YzAiOnsiY3JlYXRlIjoyNDAwMDAwMDAwMDAsImRlbGV0ZSI6MjQwMDAwMDAwMDAwfX0=",
          "dependencies": [
            "data.google_cloud_run_locations.default",
            "google_cloud_run_service.default"
          ]
        },
        {
          "index_key": "asia-south2",
          "schema_version": 0,
          "attributes": {
            "app_engine": [],
            "cloud_function": [],
            "cloud_run": [
              {
                "service": "restme--asia-south2",
                "tag": "",
                "url_mask": ""
              }
            ],
            "description": "",
            "id": "projects/cloudy-lab/regions/asia-south2/networkEndpointGroups/restme--neg--asia-south2",
            "name": "restme--neg--asia-south2",
            "network_endpoint_type": "SERVERLESS",
            "project": "cloudy-lab",
            "region": "https://www.googleapis.com/compute/v1/projects/cloudy-lab/regions/asia-south2",
            "self_link": "https://www.googleapis.com/compute/v1/projects/cloudy-lab/regions/asia-south2/networkEndpointGroups/restme--neg--asia-south2",
            "timeouts": null
          },
          "sensitive_attributes": [],
          "private": "eyJlMmJmYjczMC1lY2FhLTExZTYtOGY4OC0zNDM2M2JjN2M0YzAiOnsiY3JlYXRlIjoyNDAwMDAwMDAwMDAsImRlbGV0ZSI6MjQwMDAwMDAwMDAwfX0=",
          "dependencies": [
            "data.google_cloud_run_locations.default",
            "google_cloud_run_service.default"
          ]
        },
        {
          "index_key": "asia-southeast1",
          "schema_version": 0,
          "attributes": {
            "app_engine": [],
            "cloud_function": [],
            "cloud_run": [
              {
                "service": "restme--asia-southeast1",
                "tag": "",
                "url_mask": ""
              }
            ],
            "description": "",
            "id": "projects/cloudy-lab/regions/asia-southeast1/networkEndpointGroups/restme--neg--asia-southeast1",
            "name": "restme--neg--asia-southeast1",
            "network_endpoint_type": "SERVERLESS",
            "project": "cloudy-lab",
            "region": "https://www.googleapis.com/compute/v1/projects/cloudy-lab/regions/asia-southeast1",
            "self_link": "https://www.googleapis.com/compute/v1/projects/cloudy-lab/regions/asia-southeast1/networkEndpointGroups/restme--neg--asia-southeast1",
            "timeouts": null
          },
          "sensitive_attributes": [],
          "private": "eyJlMmJmYjczMC1lY2FhLTExZTYtOGY4OC0zNDM2M2JjN2M0YzAiOnsiY3JlYXRlIjoyNDAwMDAwMDAwMDAsImRlbGV0ZSI6MjQwMDAwMDAwMDAwfX0=",
          "dependencies": [
            "data.google_cloud_run_locations.default",
            "google_cloud_run_service.default"
          ]
        },
        {
          "index_key": "asia-southeast2",
          "schema_version": 0,
          "attributes": {
            "app_engine": [],
            "cloud_function": [],
            "cloud_run": [
              {
                "service": "restme--asia-southeast2",
                "tag": "",
                "url_mask": ""
              }
            ],
            "description": "",
            "id": "projects/cloudy-lab/regions/asia-southeast2/networkEndpointGroups/restme--neg--asia-southeast2",
            "name": "restme--neg--asia-southeast2",
            "network_endpoint_type": "SERVERLESS",
            "project": "cloudy-lab",
            "region": "https://www.googleapis.com/compute/v1/projects/cloudy-lab/regions/asia-southeast2",
            "self_link": "https://www.googleapis.com/compute/v1/projects/cloudy-lab/regions/asia-southeast2/networkEndpointGroups/restme--neg--asia-southeast2",
            "timeouts": null
          },
          "sensitive_attributes": [],
          "private": "eyJlMmJmYjczMC1lY2FhLTExZTYtOGY4OC0zNDM2M2JjN2M0YzAiOnsiY3JlYXRlIjoyNDAwMDAwMDAwMDAsImRlbGV0ZSI6MjQwMDAwMDAwMDAwfX0=",
          "dependencies": [
            "data.google_cloud_run_locations.default",
            "google_cloud_run_service.default"
          ]
        },
        {
          "index_key": "australia-southeast1",
          "schema_version": 0,
          "attributes": {
            "app_engine": [],
            "cloud_function": [],
            "cloud_run": [
              {
                "service": "restme--australia-southeast1",
                "tag": "",
                "url_mask": ""
              }
            ],
            "description": "",
            "id": "projects/cloudy-lab/regions/australia-southeast1/networkEndpointGroups/restme--neg--australia-southeast1",
            "name": "restme--neg--australia-southeast1",
            "network_endpoint_type": "SERVERLESS",
            "project": "cloudy-lab",
            "region": "https://www.googleapis.com/compute/v1/projects/cloudy-lab/regions/australia-southeast1",
            "self_link": "https://www.googleapis.com/compute/v1/projects/cloudy-lab/regions/australia-southeast1/networkEndpointGroups/restme--neg--australia-southeast1",
            "timeouts": null
          },
          "sensitive_attributes": [],
          "private": "eyJlMmJmYjczMC1lY2FhLTExZTYtOGY4OC0zNDM2M2JjN2M0YzAiOnsiY3JlYXRlIjoyNDAwMDAwMDAwMDAsImRlbGV0ZSI6MjQwMDAwMDAwMDAwfX0=",
          "dependencies": [
            "data.google_cloud_run_locations.default",
            "google_cloud_run_service.default"
          ]
        },
        {
          "index_key": "australia-southeast2",
          "schema_version": 0,
          "attributes": {
            "app_engine": [],
            "cloud_function": [],
            "cloud_run": [
              {
                "service": "restme--australia-southeast2",
                "tag": "",
                "url_mask": ""
              }
            ],
            "description": "",
            "id": "projects/cloudy-lab/regions/australia-southeast2/networkEndpointGroups/restme--neg--australia-southeast2",
            "name": "restme--neg--australia-southeast2",
            "network_endpoint_type": "SERVERLESS",
            "project": "cloudy-lab",
            "region": "https://www.googleapis.com/compute/v1/projects/cloudy-lab/regions/australia-southeast2",
            "self_link": "https://www.googleapis.com/compute/v1/projects/cloudy-lab/regions/australia-southeast2/networkEndpointGroups/restme--neg--australia-southeast2",
            "timeouts": null
          },
          "sensitive_attributes": [],
          "private": "eyJlMmJmYjczMC1lY2FhLTExZTYtOGY4OC0zNDM2M2JjN2M0YzAiOnsiY3JlYXRlIjoyNDAwMDAwMDAwMDAsImRlbGV0ZSI6MjQwMDAwMDAwMDAwfX0=",
          "dependencies": [
            "data.google_cloud_run_locations.default",
            "google_cloud_run_service.default"
          ]
        },
        {
          "index_key": "europe-central2",
          "schema_version": 0,
          "attributes": {
            "app_engine": [],
            "cloud_function": [],
            "cloud_run": [
              {
                "service": "restme--europe-central2",
                "tag": "",
                "url_mask": ""
              }
            ],
            "description": "",
            "id": "projects/cloudy-lab/regions/europe-central2/networkEndpointGroups/restme--neg--europe-central2",
            "name": "restme--neg--europe-central2",
            "network_endpoint_type": "SERVERLESS",
            "project": "cloudy-lab",
            "region": "https://www.googleapis.com/compute/v1/projects/cloudy-lab/regions/europe-central2",
            "self_link": "https://www.googleapis.com/compute/v1/projects/cloudy-lab/regions/europe-central2/networkEndpointGroups/restme--neg--europe-central2",
            "timeouts": null
          },
          "sensitive_attributes": [],
          "private": "eyJlMmJmYjczMC1lY2FhLTExZTYtOGY4OC0zNDM2M2JjN2M0YzAiOnsiY3JlYXRlIjoyNDAwMDAwMDAwMDAsImRlbGV0ZSI6MjQwMDAwMDAwMDAwfX0=",
          "dependencies": [
            "data.google_cloud_run_locations.default",
            "google_cloud_run_service.default"
          ]
        },
        {
          "index_key": "europe-north1",
          "schema_version": 0,
          "attributes": {
            "app_engine": [],
            "cloud_function": [],
            "cloud_run": [
              {
                "service": "restme--europe-north1",
                "tag": "",
                "url_mask": ""
              }
            ],
            "description": "",
            "id": "projects/cloudy-lab/regions/europe-north1/networkEndpointGroups/restme--neg--europe-north1",
            "name": "restme--neg--europe-north1",
            "network_endpoint_type": "SERVERLESS",
            "project": "cloudy-lab",
            "region": "https://www.googleapis.com/compute/v1/projects/cloudy-lab/regions/europe-north1",
            "self_link": "https://www.googleapis.com/compute/v1/projects/cloudy-lab/regions/europe-north1/networkEndpointGroups/restme--neg--europe-north1",
            "timeouts": null
          },
          "sensitive_attributes": [],
          "private": "eyJlMmJmYjczMC1lY2FhLTExZTYtOGY4OC0zNDM2M2JjN2M0YzAiOnsiY3JlYXRlIjoyNDAwMDAwMDAwMDAsImRlbGV0ZSI6MjQwMDAwMDAwMDAwfX0=",
          "dependencies": [
            "data.google_cloud_run_locations.default",
            "google_cloud_run_service.default"
          ]
        },
        {
          "index_key": "europe-west1",
          "schema_version": 0,
          "attributes": {
            "app_engine": [],
            "cloud_function": [],
            "cloud_run": [
              {
                "service": "restme--europe-west1",
                "tag": "",
                "url_mask": ""
              }
            ],
            "description": "",
            "id": "projects/cloudy-lab/regions/europe-west1/networkEndpointGroups/restme--neg--europe-west1",
            "name": "restme--neg--europe-west1",
            "network_endpoint_type": "SERVERLESS",
            "project": "cloudy-lab",
            "region": "https://www.googleapis.com/compute/v1/projects/cloudy-lab/regions/europe-west1",
            "self_link": "https://www.googleapis.com/compute/v1/projects/cloudy-lab/regions/europe-west1/networkEndpointGroups/restme--neg--europe-west1",
            "timeouts": null
          },
          "sensitive_attributes": [],
          "private": "eyJlMmJmYjczMC1lY2FhLTExZTYtOGY4OC0zNDM2M2JjN2M0YzAiOnsiY3JlYXRlIjoyNDAwMDAwMDAwMDAsImRlbGV0ZSI6MjQwMDAwMDAwMDAwfX0=",
          "dependencies": [
            "data.google_cloud_run_locations.default",
            "google_cloud_run_service.default"
          ]
        },
        {
          "index_key": "europe-west2",
          "schema_version": 0,
          "attributes": {
            "app_engine": [],
            "cloud_function": [],
            "cloud_run": [
              {
                "service": "restme--europe-west2",
                "tag": "",
                "url_mask": ""
              }
            ],
            "description": "",
            "id": "projects/cloudy-lab/regions/europe-west2/networkEndpointGroups/restme--neg--europe-west2",
            "name": "restme--neg--europe-west2",
            "network_endpoint_type": "SERVERLESS",
            "project": "cloudy-lab",
            "region": "https://www.googleapis.com/compute/v1/projects/cloudy-lab/regions/europe-west2",
            "self_link": "https://www.googleapis.com/compute/v1/projects/cloudy-lab/regions/europe-west2/networkEndpointGroups/restme--neg--europe-west2",
            "timeouts": null
          },
          "sensitive_attributes": [],
          "private": "eyJlMmJmYjczMC1lY2FhLTExZTYtOGY4OC0zNDM2M2JjN2M0YzAiOnsiY3JlYXRlIjoyNDAwMDAwMDAwMDAsImRlbGV0ZSI6MjQwMDAwMDAwMDAwfX0=",
          "dependencies": [
            "data.google_cloud_run_locations.default",
            "google_cloud_run_service.default"
          ]
        },
        {
          "index_key": "europe-west3",
          "schema_version": 0,
          "attributes": {
            "app_engine": [],
            "cloud_function": [],
            "cloud_run": [
              {
                "service": "restme--europe-west3",
                "tag": "",
                "url_mask": ""
              }
            ],
            "description": "",
            "id": "projects/cloudy-lab/regions/europe-west3/networkEndpointGroups/restme--neg--europe-west3",
            "name": "restme--neg--europe-west3",
            "network_endpoint_type": "SERVERLESS",
            "project": "cloudy-lab",
            "region": "https://www.googleapis.com/compute/v1/projects/cloudy-lab/regions/europe-west3",
            "self_link": "https://www.googleapis.com/compute/v1/projects/cloudy-lab/regions/europe-west3/networkEndpointGroups/restme--neg--europe-west3",
            "timeouts": null
          },
          "sensitive_attributes": [],
          "private": "eyJlMmJmYjczMC1lY2FhLTExZTYtOGY4OC0zNDM2M2JjN2M0YzAiOnsiY3JlYXRlIjoyNDAwMDAwMDAwMDAsImRlbGV0ZSI6MjQwMDAwMDAwMDAwfX0=",
          "dependencies": [
            "data.google_cloud_run_locations.default",
            "google_cloud_run_service.default"
          ]
        },
        {
          "index_key": "europe-west4",
          "schema_version": 0,
          "attributes": {
            "app_engine": [],
            "cloud_function": [],
            "cloud_run": [
              {
                "service": "restme--europe-west4",
                "tag": "",
                "url_mask": ""
              }
            ],
            "description": "",
            "id": "projects/cloudy-lab/regions/europe-west4/networkEndpointGroups/restme--neg--europe-west4",
            "name": "restme--neg--europe-west4",
            "network_endpoint_type": "SERVERLESS",
            "project": "cloudy-lab",
            "region": "https://www.googleapis.com/compute/v1/projects/cloudy-lab/regions/europe-west4",
            "self_link": "https://www.googleapis.com/compute/v1/projects/cloudy-lab/regions/europe-west4/networkEndpointGroups/restme--neg--europe-west4",
            "timeouts": null
          },
          "sensitive_attributes": [],
          "private": "eyJlMmJmYjczMC1lY2FhLTExZTYtOGY4OC0zNDM2M2JjN2M0YzAiOnsiY3JlYXRlIjoyNDAwMDAwMDAwMDAsImRlbGV0ZSI6MjQwMDAwMDAwMDAwfX0=",
          "dependencies": [
            "data.google_cloud_run_locations.default",
            "google_cloud_run_service.default"
          ]
        },
        {
          "index_key": "europe-west6",
          "schema_version": 0,
          "attributes": {
            "app_engine": [],
            "cloud_function": [],
            "cloud_run": [
              {
                "service": "restme--europe-west6",
                "tag": "",
                "url_mask": ""
              }
            ],
            "description": "",
            "id": "projects/cloudy-lab/regions/europe-west6/networkEndpointGroups/restme--neg--europe-west6",
            "name": "restme--neg--europe-west6",
            "network_endpoint_type": "SERVERLESS",
            "project": "cloudy-lab",
            "region": "https://www.googleapis.com/compute/v1/projects/cloudy-lab/regions/europe-west6",
            "self_link": "https://www.googleapis.com/compute/v1/projects/cloudy-lab/regions/europe-west6/networkEndpointGroups/restme--neg--europe-west6",
            "timeouts": null
          },
          "sensitive_attributes": [],
          "private": "eyJlMmJmYjczMC1lY2FhLTExZTYtOGY4OC0zNDM2M2JjN2M0YzAiOnsiY3JlYXRlIjoyNDAwMDAwMDAwMDAsImRlbGV0ZSI6MjQwMDAwMDAwMDAwfX0=",
          "dependencies": [
            "data.google_cloud_run_locations.default",
            "google_cloud_run_service.default"
          ]
        },
        {
          "index_key": "northamerica-northeast1",
          "schema_version": 0,
          "attributes": {
            "app_engine": [],
            "cloud_function": [],
            "cloud_run": [
              {
                "service": "restme--northamerica-northeast1",
                "tag": "",
                "url_mask": ""
              }
            ],
            "description": "",
            "id": "projects/cloudy-lab/regions/northamerica-northeast1/networkEndpointGroups/restme--neg--northamerica-northeast1",
            "name": "restme--neg--northamerica-northeast1",
            "network_endpoint_type": "SERVERLESS",
            "project": "cloudy-lab",
            "region": "https://www.googleapis.com/compute/v1/projects/cloudy-lab/regions/northamerica-northeast1",
            "self_link": "https://www.googleapis.com/compute/v1/projects/cloudy-lab/regions/northamerica-northeast1/networkEndpointGroups/restme--neg--northamerica-northeast1",
            "timeouts": null
          },
          "sensitive_attributes": [],
          "private": "eyJlMmJmYjczMC1lY2FhLTExZTYtOGY4OC0zNDM2M2JjN2M0YzAiOnsiY3JlYXRlIjoyNDAwMDAwMDAwMDAsImRlbGV0ZSI6MjQwMDAwMDAwMDAwfX0=",
          "dependencies": [
            "data.google_cloud_run_locations.default",
            "google_cloud_run_service.default"
          ]
        },
        {
          "index_key": "northamerica-northeast2",
          "schema_version": 0,
          "attributes": {
            "app_engine": [],
            "cloud_function": [],
            "cloud_run": [
              {
                "service": "restme--northamerica-northeast2",
                "tag": "",
                "url_mask": ""
              }
            ],
            "description": "",
            "id": "projects/cloudy-lab/regions/northamerica-northeast2/networkEndpointGroups/restme--neg--northamerica-northeast2",
            "name": "restme--neg--northamerica-northeast2",
            "network_endpoint_type": "SERVERLESS",
            "project": "cloudy-lab",
            "region": "https://www.googleapis.com/compute/v1/projects/cloudy-lab/regions/northamerica-northeast2",
            "self_link": "https://www.googleapis.com/compute/v1/projects/cloudy-lab/regions/northamerica-northeast2/networkEndpointGroups/restme--neg--northamerica-northeast2",
            "timeouts": null
          },
          "sensitive_attributes": [],
          "private": "eyJlMmJmYjczMC1lY2FhLTExZTYtOGY4OC0zNDM2M2JjN2M0YzAiOnsiY3JlYXRlIjoyNDAwMDAwMDAwMDAsImRlbGV0ZSI6MjQwMDAwMDAwMDAwfX0=",
          "dependencies": [
            "data.google_cloud_run_locations.default",
            "google_cloud_run_service.default"
          ]
        },
        {
          "index_key": "southamerica-east1",
          "schema_version": 0,
          "attributes": {
            "app_engine": [],
            "cloud_function": [],
            "cloud_run": [
              {
                "service": "restme--southamerica-east1",
                "tag": "",
                "url_mask": ""
              }
            ],
            "description": "",
            "id": "projects/cloudy-lab/regions/southamerica-east1/networkEndpointGroups/restme--neg--southamerica-east1",
            "name": "restme--neg--southamerica-east1",
            "network_endpoint_type": "SERVERLESS",
            "project": "cloudy-lab",
            "region": "https://www.googleapis.com/compute/v1/projects/cloudy-lab/regions/southamerica-east1",
            "self_link": "https://www.googleapis.com/compute/v1/projects/cloudy-lab/regions/southamerica-east1/networkEndpointGroups/restme--neg--southamerica-east1",
            "timeouts": null
          },
          "sensitive_attributes": [],
          "private": "eyJlMmJmYjczMC1lY2FhLTExZTYtOGY4OC0zNDM2M2JjN2M0YzAiOnsiY3JlYXRlIjoyNDAwMDAwMDAwMDAsImRlbGV0ZSI6MjQwMDAwMDAwMDAwfX0=",
          "dependencies": [
            "data.google_cloud_run_locations.default",
            "google_cloud_run_service.default"
          ]
        },
        {
          "index_key": "southamerica-west1",
          "schema_version": 0,
          "attributes": {
            "app_engine": [],
            "cloud_function": [],
            "cloud_run": [
              {
                "service": "restme--southamerica-west1",
                "tag": "",
                "url_mask": ""
              }
            ],
            "description": "",
            "id": "projects/cloudy-lab/regions/southamerica-west1/networkEndpointGroups/restme--neg--southamerica-west1",
            "name": "restme--neg--southamerica-west1",
            "network_endpoint_type": "SERVERLESS",
            "project": "cloudy-lab",
            "region": "https://www.googleapis.com/compute/v1/projects/cloudy-lab/regions/southamerica-west1",
            "self_link": "https://www.googleapis.com/compute/v1/projects/cloudy-lab/regions/southamerica-west1/networkEndpointGroups/restme--neg--southamerica-west1",
            "timeouts": null
          },
          "sensitive_attributes": [],
          "private": "eyJlMmJmYjczMC1lY2FhLTExZTYtOGY4OC0zNDM2M2JjN2M0YzAiOnsiY3JlYXRlIjoyNDAwMDAwMDAwMDAsImRlbGV0ZSI6MjQwMDAwMDAwMDAwfX0=",
          "dependencies": [
            "data.google_cloud_run_locations.default",
            "google_cloud_run_service.default"
          ]
        },
        {
          "index_key": "us-central1",
          "schema_version": 0,
          "attributes": {
            "app_engine": [],
            "cloud_function": [],
            "cloud_run": [
              {
                "service": "restme--us-central1",
                "tag": "",
                "url_mask": ""
              }
            ],
            "description": "",
            "id": "projects/cloudy-lab/regions/us-central1/networkEndpointGroups/restme--neg--us-central1",
            "name": "restme--neg--us-central1",
            "network_endpoint_type": "SERVERLESS",
            "project": "cloudy-lab",
            "region": "https://www.googleapis.com/compute/v1/projects/cloudy-lab/regions/us-central1",
            "self_link": "https://www.googleapis.com/compute/v1/projects/cloudy-lab/regions/us-central1/networkEndpointGroups/restme--neg--us-central1",
            "timeouts": null
          },
          "sensitive_attributes": [],
          "private": "eyJlMmJmYjczMC1lY2FhLTExZTYtOGY4OC0zNDM2M2JjN2M0YzAiOnsiY3JlYXRlIjoyNDAwMDAwMDAwMDAsImRlbGV0ZSI6MjQwMDAwMDAwMDAwfX0=",
          "dependencies": [
            "data.google_cloud_run_locations.default",
            "google_cloud_run_service.default"
          ]
        },
        {
          "index_key": "us-east1",
          "schema_version": 0,
          "attributes": {
            "app_engine": [],
            "cloud_function": [],
            "cloud_run": [
              {
                "service": "restme--us-east1",
                "tag": "",
                "url_mask": ""
              }
            ],
            "description": "",
            "id": "projects/cloudy-lab/regions/us-east1/networkEndpointGroups/restme--neg--us-east1",
            "name": "restme--neg--us-east1",
            "network_endpoint_type": "SERVERLESS",
            "project": "cloudy-lab",
            "region": "https://www.googleapis.com/compute/v1/projects/cloudy-lab/regions/us-east1",
            "self_link": "https://www.googleapis.com/compute/v1/projects/cloudy-lab/regions/us-east1/networkEndpointGroups/restme--neg--us-east1",
            "timeouts": null
          },
          "sensitive_attributes": [],
          "private": "eyJlMmJmYjczMC1lY2FhLTExZTYtOGY4OC0zNDM2M2JjN2M0YzAiOnsiY3JlYXRlIjoyNDAwMDAwMDAwMDAsImRlbGV0ZSI6MjQwMDAwMDAwMDAwfX0=",
          "dependencies": [
            "data.google_cloud_run_locations.default",
            "google_cloud_run_service.default"
          ]
        },
        {
          "index_key": "us-east4",
          "schema_version": 0,
          "attributes": {
            "app_engine": [],
            "cloud_function": [],
            "cloud_run": [
              {
                "service": "restme--us-east4",
                "tag": "",
                "url_mask": ""
              }
            ],
            "description": "",
            "id": "projects/cloudy-lab/regions/us-east4/networkEndpointGroups/restme--neg--us-east4",
            "name": "restme--neg--us-east4",
            "network_endpoint_type": "SERVERLESS",
            "project": "cloudy-lab",
            "region": "https://www.googleapis.com/compute/v1/projects/cloudy-lab/regions/us-east4",
            "self_link": "https://www.googleapis.com/compute/v1/projects/cloudy-lab/regions/us-east4/networkEndpointGroups/restme--neg--us-east4",
            "timeouts": null
          },
          "sensitive_attributes": [],
          "private": "eyJlMmJmYjczMC1lY2FhLTExZTYtOGY4OC0zNDM2M2JjN2M0YzAiOnsiY3JlYXRlIjoyNDAwMDAwMDAwMDAsImRlbGV0ZSI6MjQwMDAwMDAwMDAwfX0=",
          "dependencies": [
            "data.google_cloud_run_locations.default",
            "google_cloud_run_service.default"
          ]
        },
        {
          "index_key": "us-west1",
          "schema_version": 0,
          "attributes": {
            "app_engine": [],
            "cloud_function": [],
            "cloud_run": [
              {
                "service": "restme--us-west1",
                "tag": "",
                "url_mask": ""
              }
            ],
            "description": "",
            "id": "projects/cloudy-lab/regions/us-west1/networkEndpointGroups/restme--neg--us-west1",
            "name": "restme--neg--us-west1",
            "network_endpoint_type": "SERVERLESS",
            "project": "cloudy-lab",
            "region": "https://www.googleapis.com/compute/v1/projects/cloudy-lab/regions/us-west1",
            "self_link": "https://www.googleapis.com/compute/v1/projects/cloudy-lab/regions/us-west1/networkEndpointGroups/restme--neg--us-west1",
            "timeouts": null
          },
          "sensitive_attributes": [],
          "private": "eyJlMmJmYjczMC1lY2FhLTExZTYtOGY4OC0zNDM2M2JjN2M0YzAiOnsiY3JlYXRlIjoyNDAwMDAwMDAwMDAsImRlbGV0ZSI6MjQwMDAwMDAwMDAwfX0=",
          "dependencies": [
            "data.google_cloud_run_locations.default",
            "google_cloud_run_service.default"
          ]
        },
        {
          "index_key": "us-west2",
          "schema_version": 0,
          "attributes": {
            "app_engine": [],
            "cloud_function": [],
            "cloud_run": [
              {
                "service": "restme--us-west2",
                "tag": "",
                "url_mask": ""
              }
            ],
            "description": "",
            "id": "projects/cloudy-lab/regions/us-west2/networkEndpointGroups/restme--neg--us-west2",
            "name": "restme--neg--us-west2",
            "network_endpoint_type": "SERVERLESS",
            "project": "cloudy-lab",
            "region": "https://www.googleapis.com/compute/v1/projects/cloudy-lab/regions/us-west2",
            "self_link": "https://www.googleapis.com/compute/v1/projects/cloudy-lab/regions/us-west2/networkEndpointGroups/restme--neg--us-west2",
            "timeouts": null
          },
          "sensitive_attributes": [],
          "private": "eyJlMmJmYjczMC1lY2FhLTExZTYtOGY4OC0zNDM2M2JjN2M0YzAiOnsiY3JlYXRlIjoyNDAwMDAwMDAwMDAsImRlbGV0ZSI6MjQwMDAwMDAwMDAwfX0=",
          "dependencies": [
            "data.google_cloud_run_locations.default",
            "google_cloud_run_service.default"
          ]
        },
        {
          "index_key": "us-west3",
          "schema_version": 0,
          "attributes": {
            "app_engine": [],
            "cloud_function": [],
            "cloud_run": [
              {
                "service": "restme--us-west3",
                "tag": "",
                "url_mask": ""
              }
            ],
            "description": "",
            "id": "projects/cloudy-lab/regions/us-west3/networkEndpointGroups/restme--neg--us-west3",
            "name": "restme--neg--us-west3",
            "network_endpoint_type": "SERVERLESS",
            "project": "cloudy-lab",
            "region": "https://www.googleapis.com/compute/v1/projects/cloudy-lab/regions/us-west3",
            "self_link": "https://www.googleapis.com/compute/v1/projects/cloudy-lab/regions/us-west3/networkEndpointGroups/restme--neg--us-west3",
            "timeouts": null
          },
          "sensitive_attributes": [],
          "private": "eyJlMmJmYjczMC1lY2FhLTExZTYtOGY4OC0zNDM2M2JjN2M0YzAiOnsiY3JlYXRlIjoyNDAwMDAwMDAwMDAsImRlbGV0ZSI6MjQwMDAwMDAwMDAwfX0=",
          "dependencies": [
            "data.google_cloud_run_locations.default",
            "google_cloud_run_service.default"
          ]
        },
        {
          "index_key": "us-west4",
          "schema_version": 0,
          "attributes": {
            "app_engine": [],
            "cloud_function": [],
            "cloud_run": [
              {
                "service": "restme--us-west4",
                "tag": "",
                "url_mask": ""
              }
            ],
            "description": "",
            "id": "projects/cloudy-lab/regions/us-west4/networkEndpointGroups/restme--neg--us-west4",
            "name": "restme--neg--us-west4",
            "network_endpoint_type": "SERVERLESS",
            "project": "cloudy-lab",
            "region": "https://www.googleapis.com/compute/v1/projects/cloudy-lab/regions/us-west4",
            "self_link": "https://www.googleapis.com/compute/v1/projects/cloudy-lab/regions/us-west4/networkEndpointGroups/restme--neg--us-west4",
            "timeouts": null
          },
          "sensitive_attributes": [],
          "private": "eyJlMmJmYjczMC1lY2FhLTExZTYtOGY4OC0zNDM2M2JjN2M0YzAiOnsiY3JlYXRlIjoyNDAwMDAwMDAwMDAsImRlbGV0ZSI6MjQwMDAwMDAwMDAwfX0=",
          "dependencies": [
            "data.google_cloud_run_locations.default",
            "google_cloud_run_service.default"
          ]
        }
      ]
    },
    {
      "module": "module.lb-http",
      "mode": "managed",
      "type": "google_compute_backend_service",
      "name": "default",
      "provider": "provider[\"registry.terraform.io/hashicorp/google-beta\"]",
      "instances": [
        {
          "index_key": "default",
          "schema_version": 1,
          "attributes": {
            "affinity_cookie_ttl_sec": 0,
            "backend": [
              {
                "balancing_mode": "UTILIZATION",
                "capacity_scaler": 1,
                "description": "",
                "group": "https://www.googleapis.com/compute/v1/projects/cloudy-lab/regions/asia-east1/networkEndpointGroups/restme--neg--asia-east1",
                "max_connections": 0,
                "max_connections_per_endpoint": 0,
                "max_connections_per_instance": 0,
                "max_rate": 0,
                "max_rate_per_endpoint": 0,
                "max_rate_per_instance": 0,
                "max_utilization": 0
              },
              {
                "balancing_mode": "UTILIZATION",
                "capacity_scaler": 1,
                "description": "",
                "group": "https://www.googleapis.com/compute/v1/projects/cloudy-lab/regions/asia-east2/networkEndpointGroups/restme--neg--asia-east2",
                "max_connections": 0,
                "max_connections_per_endpoint": 0,
                "max_connections_per_instance": 0,
                "max_rate": 0,
                "max_rate_per_endpoint": 0,
                "max_rate_per_instance": 0,
                "max_utilization": 0
              },
              {
                "balancing_mode": "UTILIZATION",
                "capacity_scaler": 1,
                "description": "",
                "group": "https://www.googleapis.com/compute/v1/projects/cloudy-lab/regions/asia-northeast1/networkEndpointGroups/restme--neg--asia-northeast1",
                "max_connections": 0,
                "max_connections_per_endpoint": 0,
                "max_connections_per_instance": 0,
                "max_rate": 0,
                "max_rate_per_endpoint": 0,
                "max_rate_per_instance": 0,
                "max_utilization": 0
              },
              {
                "balancing_mode": "UTILIZATION",
                "capacity_scaler": 1,
                "description": "",
                "group": "https://www.googleapis.com/compute/v1/projects/cloudy-lab/regions/asia-northeast2/networkEndpointGroups/restme--neg--asia-northeast2",
                "max_connections": 0,
                "max_connections_per_endpoint": 0,
                "max_connections_per_instance": 0,
                "max_rate": 0,
                "max_rate_per_endpoint": 0,
                "max_rate_per_instance": 0,
                "max_utilization": 0
              },
              {
                "balancing_mode": "UTILIZATION",
                "capacity_scaler": 1,
                "description": "",
                "group": "https://www.googleapis.com/compute/v1/projects/cloudy-lab/regions/asia-northeast3/networkEndpointGroups/restme--neg--asia-northeast3",
                "max_connections": 0,
                "max_connections_per_endpoint": 0,
                "max_connections_per_instance": 0,
                "max_rate": 0,
                "max_rate_per_endpoint": 0,
                "max_rate_per_instance": 0,
                "max_utilization": 0
              },
              {
                "balancing_mode": "UTILIZATION",
                "capacity_scaler": 1,
                "description": "",
                "group": "https://www.googleapis.com/compute/v1/projects/cloudy-lab/regions/asia-south1/networkEndpointGroups/restme--neg--asia-south1",
                "max_connections": 0,
                "max_connections_per_endpoint": 0,
                "max_connections_per_instance": 0,
                "max_rate": 0,
                "max_rate_per_endpoint": 0,
                "max_rate_per_instance": 0,
                "max_utilization": 0
              },
              {
                "balancing_mode": "UTILIZATION",
                "capacity_scaler": 1,
                "description": "",
                "group": "https://www.googleapis.com/compute/v1/projects/cloudy-lab/regions/asia-south2/networkEndpointGroups/restme--neg--asia-south2",
                "max_connections": 0,
                "max_connections_per_endpoint": 0,
                "max_connections_per_instance": 0,
                "max_rate": 0,
                "max_rate_per_endpoint": 0,
                "max_rate_per_instance": 0,
                "max_utilization": 0
              },
              {
                "balancing_mode": "UTILIZATION",
                "capacity_scaler": 1,
                "description": "",
                "group": "https://www.googleapis.com/compute/v1/projects/cloudy-lab/regions/asia-southeast1/networkEndpointGroups/restme--neg--asia-southeast1",
                "max_connections": 0,
                "max_connections_per_endpoint": 0,
                "max_connections_per_instance": 0,
                "max_rate": 0,
                "max_rate_per_endpoint": 0,
                "max_rate_per_instance": 0,
                "max_utilization": 0
              },
              {
                "balancing_mode": "UTILIZATION",
                "capacity_scaler": 1,
                "description": "",
                "group": "https://www.googleapis.com/compute/v1/projects/cloudy-lab/regions/asia-southeast2/networkEndpointGroups/restme--neg--asia-southeast2",
                "max_connections": 0,
                "max_connections_per_endpoint": 0,
                "max_connections_per_instance": 0,
                "max_rate": 0,
                "max_rate_per_endpoint": 0,
                "max_rate_per_instance": 0,
                "max_utilization": 0
              },
              {
                "balancing_mode": "UTILIZATION",
                "capacity_scaler": 1,
                "description": "",
                "group": "https://www.googleapis.com/compute/v1/projects/cloudy-lab/regions/australia-southeast1/networkEndpointGroups/restme--neg--australia-southeast1",
                "max_connections": 0,
                "max_connections_per_endpoint": 0,
                "max_connections_per_instance": 0,
                "max_rate": 0,
                "max_rate_per_endpoint": 0,
                "max_rate_per_instance": 0,
                "max_utilization": 0
              },
              {
                "balancing_mode": "UTILIZATION",
                "capacity_scaler": 1,
                "description": "",
                "group": "https://www.googleapis.com/compute/v1/projects/cloudy-lab/regions/australia-southeast2/networkEndpointGroups/restme--neg--australia-southeast2",
                "max_connections": 0,
                "max_connections_per_endpoint": 0,
                "max_connections_per_instance": 0,
                "max_rate": 0,
                "max_rate_per_endpoint": 0,
                "max_rate_per_instance": 0,
                "max_utilization": 0
              },
              {
                "balancing_mode": "UTILIZATION",
                "capacity_scaler": 1,
                "description": "",
                "group": "https://www.googleapis.com/compute/v1/projects/cloudy-lab/regions/europe-central2/networkEndpointGroups/restme--neg--europe-central2",
                "max_connections": 0,
                "max_connections_per_endpoint": 0,
                "max_connections_per_instance": 0,
                "max_rate": 0,
                "max_rate_per_endpoint": 0,
                "max_rate_per_instance": 0,
                "max_utilization": 0
              },
              {
                "balancing_mode": "UTILIZATION",
                "capacity_scaler": 1,
                "description": "",
                "group": "https://www.googleapis.com/compute/v1/projects/cloudy-lab/regions/europe-north1/networkEndpointGroups/restme--neg--europe-north1",
                "max_connections": 0,
                "max_connections_per_endpoint": 0,
                "max_connections_per_instance": 0,
                "max_rate": 0,
                "max_rate_per_endpoint": 0,
                "max_rate_per_instance": 0,
                "max_utilization": 0
              },
              {
                "balancing_mode": "UTILIZATION",
                "capacity_scaler": 1,
                "description": "",
                "group": "https://www.googleapis.com/compute/v1/projects/cloudy-lab/regions/europe-west1/networkEndpointGroups/restme--neg--europe-west1",
                "max_connections": 0,
                "max_connections_per_endpoint": 0,
                "max_connections_per_instance": 0,
                "max_rate": 0,
                "max_rate_per_endpoint": 0,
                "max_rate_per_instance": 0,
                "max_utilization": 0
              },
              {
                "balancing_mode": "UTILIZATION",
                "capacity_scaler": 1,
                "description": "",
                "group": "https://www.googleapis.com/compute/v1/projects/cloudy-lab/regions/europe-west2/networkEndpointGroups/restme--neg--europe-west2",
                "max_connections": 0,
                "max_connections_per_endpoint": 0,
                "max_connections_per_instance": 0,
                "max_rate": 0,
                "max_rate_per_endpoint": 0,
                "max_rate_per_instance": 0,
                "max_utilization": 0
              },
              {
                "balancing_mode": "UTILIZATION",
                "capacity_scaler": 1,
                "description": "",
                "group": "https://www.googleapis.com/compute/v1/projects/cloudy-lab/regions/europe-west3/networkEndpointGroups/restme--neg--europe-west3",
                "max_connections": 0,
                "max_connections_per_endpoint": 0,
                "max_connections_per_instance": 0,
                "max_rate": 0,
                "max_rate_per_endpoint": 0,
                "max_rate_per_instance": 0,
                "max_utilization": 0
              },
              {
                "balancing_mode": "UTILIZATION",
                "capacity_scaler": 1,
                "description": "",
                "group": "https://www.googleapis.com/compute/v1/projects/cloudy-lab/regions/europe-west4/networkEndpointGroups/restme--neg--europe-west4",
                "max_connections": 0,
                "max_connections_per_endpoint": 0,
                "max_connections_per_instance": 0,
                "max_rate": 0,
                "max_rate_per_endpoint": 0,
                "max_rate_per_instance": 0,
                "max_utilization": 0
              },
              {
                "balancing_mode": "UTILIZATION",
                "capacity_scaler": 1,
                "description": "",
                "group": "https://www.googleapis.com/compute/v1/projects/cloudy-lab/regions/europe-west6/networkEndpointGroups/restme--neg--europe-west6",
                "max_connections": 0,
                "max_connections_per_endpoint": 0,
                "max_connections_per_instance": 0,
                "max_rate": 0,
                "max_rate_per_endpoint": 0,
                "max_rate_per_instance": 0,
                "max_utilization": 0
              },
              {
                "balancing_mode": "UTILIZATION",
                "capacity_scaler": 1,
                "description": "",
                "group": "https://www.googleapis.com/compute/v1/projects/cloudy-lab/regions/northamerica-northeast1/networkEndpointGroups/restme--neg--northamerica-northeast1",
                "max_connections": 0,
                "max_connections_per_endpoint": 0,
                "max_connections_per_instance": 0,
                "max_rate": 0,
                "max_rate_per_endpoint": 0,
                "max_rate_per_instance": 0,
                "max_utilization": 0
              },
              {
                "balancing_mode": "UTILIZATION",
                "capacity_scaler": 1,
                "description": "",
                "group": "https://www.googleapis.com/compute/v1/projects/cloudy-lab/regions/northamerica-northeast2/networkEndpointGroups/restme--neg--northamerica-northeast2",
                "max_connections": 0,
                "max_connections_per_endpoint": 0,
                "max_connections_per_instance": 0,
                "max_rate": 0,
                "max_rate_per_endpoint": 0,
                "max_rate_per_instance": 0,
                "max_utilization": 0
              },
              {
                "balancing_mode": "UTILIZATION",
                "capacity_scaler": 1,
                "description": "",
                "group": "https://www.googleapis.com/compute/v1/projects/cloudy-lab/regions/southamerica-east1/networkEndpointGroups/restme--neg--southamerica-east1",
                "max_connections": 0,
                "max_connections_per_endpoint": 0,
                "max_connections_per_instance": 0,
                "max_rate": 0,
                "max_rate_per_endpoint": 0,
                "max_rate_per_instance": 0,
                "max_utilization": 0
              },
              {
                "balancing_mode": "UTILIZATION",
                "capacity_scaler": 1,
                "description": "",
                "group": "https://www.googleapis.com/compute/v1/projects/cloudy-lab/regions/southamerica-west1/networkEndpointGroups/restme--neg--southamerica-west1",
                "max_connections": 0,
                "max_connections_per_endpoint": 0,
                "max_connections_per_instance": 0,
                "max_rate": 0,
                "max_rate_per_endpoint": 0,
                "max_rate_per_instance": 0,
                "max_utilization": 0
              },
              {
                "balancing_mode": "UTILIZATION",
                "capacity_scaler": 1,
                "description": "",
                "group": "https://www.googleapis.com/compute/v1/projects/cloudy-lab/regions/us-central1/networkEndpointGroups/restme--neg--us-central1",
                "max_connections": 0,
                "max_connections_per_endpoint": 0,
                "max_connections_per_instance": 0,
                "max_rate": 0,
                "max_rate_per_endpoint": 0,
                "max_rate_per_instance": 0,
                "max_utilization": 0
              },
              {
                "balancing_mode": "UTILIZATION",
                "capacity_scaler": 1,
                "description": "",
                "group": "https://www.googleapis.com/compute/v1/projects/cloudy-lab/regions/us-east1/networkEndpointGroups/restme--neg--us-east1",
                "max_connections": 0,
                "max_connections_per_endpoint": 0,
                "max_connections_per_instance": 0,
                "max_rate": 0,
                "max_rate_per_endpoint": 0,
                "max_rate_per_instance": 0,
                "max_utilization": 0
              },
              {
                "balancing_mode": "UTILIZATION",
                "capacity_scaler": 1,
                "description": "",
                "group": "https://www.googleapis.com/compute/v1/projects/cloudy-lab/regions/us-east4/networkEndpointGroups/restme--neg--us-east4",
                "max_connections": 0,
                "max_connections_per_endpoint": 0,
                "max_connections_per_instance": 0,
                "max_rate": 0,
                "max_rate_per_endpoint": 0,
                "max_rate_per_instance": 0,
                "max_utilization": 0
              },
              {
                "balancing_mode": "UTILIZATION",
                "capacity_scaler": 1,
                "description": "",
                "group": "https://www.googleapis.com/compute/v1/projects/cloudy-lab/regions/us-west1/networkEndpointGroups/restme--neg--us-west1",
                "max_connections": 0,
                "max_connections_per_endpoint": 0,
                "max_connections_per_instance": 0,
                "max_rate": 0,
                "max_rate_per_endpoint": 0,
                "max_rate_per_instance": 0,
                "max_utilization": 0
              },
              {
                "balancing_mode": "UTILIZATION",
                "capacity_scaler": 1,
                "description": "",
                "group": "https://www.googleapis.com/compute/v1/projects/cloudy-lab/regions/us-west2/networkEndpointGroups/restme--neg--us-west2",
                "max_connections": 0,
                "max_connections_per_endpoint": 0,
                "max_connections_per_instance": 0,
                "max_rate": 0,
                "max_rate_per_endpoint": 0,
                "max_rate_per_instance": 0,
                "max_utilization": 0
              },
              {
                "balancing_mode": "UTILIZATION",
                "capacity_scaler": 1,
                "description": "",
                "group": "https://www.googleapis.com/compute/v1/projects/cloudy-lab/regions/us-west3/networkEndpointGroups/restme--neg--us-west3",
                "max_connections": 0,
                "max_connections_per_endpoint": 0,
                "max_connections_per_instance": 0,
                "max_rate": 0,
                "max_rate_per_endpoint": 0,
                "max_rate_per_instance": 0,
                "max_utilization": 0
              },
              {
                "balancing_mode": "UTILIZATION",
                "capacity_scaler": 1,
                "description": "",
                "group": "https://www.googleapis.com/compute/v1/projects/cloudy-lab/regions/us-west4/networkEndpointGroups/restme--neg--us-west4",
                "max_connections": 0,
                "max_connections_per_endpoint": 0,
                "max_connections_per_instance": 0,
                "max_rate": 0,
                "max_rate_per_endpoint": 0,
                "max_rate_per_instance": 0,
                "max_utilization": 0
              }
            ],
            "cdn_policy": [],
            "circuit_breakers": [],
            "connection_draining_timeout_sec": 300,
            "consistent_hash": [],
            "creation_timestamp": "2021-12-14T16:36:23.420-08:00",
            "custom_request_headers": null,
            "custom_response_headers": null,
            "description": "",
            "enable_cdn": false,
            "fingerprint": "dgbNGKtq4ms=",
            "health_checks": null,
            "iap": [],
            "id": "projects/cloudy-lab/global/backendServices/restme-backend-default",
            "load_balancing_scheme": "EXTERNAL",
            "locality_lb_policy": "",
            "log_config": [
              {
                "enable": true,
                "sample_rate": 1
              }
            ],
            "name": "restme-backend-default",
            "outlier_detection": [],
            "port_name": "http",
            "project": "cloudy-lab",
            "protocol": "HTTP",
            "security_policy": "",
            "security_settings": [],
            "self_link": "https://www.googleapis.com/compute/v1/projects/cloudy-lab/global/backendServices/restme-backend-default",
            "session_affinity": "NONE",
            "timeout_sec": 30,
            "timeouts": null
          },
          "sensitive_attributes": [],
          "private": "eyJlMmJmYjczMC1lY2FhLTExZTYtOGY4OC0zNDM2M2JjN2M0YzAiOnsiY3JlYXRlIjoyNDAwMDAwMDAwMDAsImRlbGV0ZSI6MjQwMDAwMDAwMDAwLCJ1cGRhdGUiOjI0MDAwMDAwMDAwMH0sInNjaGVtYV92ZXJzaW9uIjoiMSJ9",
          "dependencies": [
            "data.google_cloud_run_locations.default",
            "google_cloud_run_service.default",
            "google_compute_region_network_endpoint_group.default"
          ]
        }
      ]
    },
    {
      "module": "module.lb-http",
      "mode": "managed",
      "type": "google_compute_global_address",
      "name": "default",
      "provider": "provider[\"registry.terraform.io/hashicorp/google\"]",
      "instances": [
        {
          "index_key": 0,
          "schema_version": 0,
          "attributes": {
            "address": "34.149.0.197",
            "address_type": "EXTERNAL",
            "creation_timestamp": "2021-12-14T16:33:13.364-08:00",
            "description": "",
            "id": "projects/cloudy-lab/global/addresses/restme-address",
            "ip_version": "",
            "name": "restme-address",
            "network": "",
            "prefix_length": 0,
            "project": "cloudy-lab",
            "purpose": "",
            "self_link": "https://www.googleapis.com/compute/v1/projects/cloudy-lab/global/addresses/restme-address",
            "timeouts": null
          },
          "sensitive_attributes": [],
          "private": "eyJlMmJmYjczMC1lY2FhLTExZTYtOGY4OC0zNDM2M2JjN2M0YzAiOnsiY3JlYXRlIjoyNDAwMDAwMDAwMDAsImRlbGV0ZSI6MjQwMDAwMDAwMDAwfX0="
        }
      ]
    },
    {
      "module": "module.lb-http",
      "mode": "managed",
      "type": "google_compute_global_forwarding_rule",
      "name": "http",
      "provider": "provider[\"registry.terraform.io/hashicorp/google\"]",
      "instances": [
        {
          "index_key": 0,
          "schema_version": 0,
          "attributes": {
            "description": "",
            "id": "projects/cloudy-lab/global/forwardingRules/restme",
            "ip_address": "34.149.0.197",
            "ip_protocol": "TCP",
            "ip_version": "",
            "label_fingerprint": "42WmSpB8rSM=",
            "labels": null,
            "load_balancing_scheme": "EXTERNAL",
            "metadata_filters": [],
            "name": "restme",
            "network": "",
            "port_range": "80",
            "project": "cloudy-lab",
            "self_link": "https://www.googleapis.com/compute/v1/projects/cloudy-lab/global/forwardingRules/restme",
            "target": "https://www.googleapis.com/compute/v1/projects/cloudy-lab/global/targetHttpProxies/restme-http-proxy",
            "timeouts": null
          },
          "sensitive_attributes": [],
          "private": "eyJlMmJmYjczMC1lY2FhLTExZTYtOGY4OC0zNDM2M2JjN2M0YzAiOnsiY3JlYXRlIjo2MDAwMDAwMDAwMDAsImRlbGV0ZSI6NjAwMDAwMDAwMDAwLCJ1cGRhdGUiOjYwMDAwMDAwMDAwMH19",
          "dependencies": [
            "data.google_cloud_run_locations.default",
            "google_cloud_run_service.default",
            "google_compute_region_network_endpoint_group.default",
            "module.lb-http.google_compute_backend_service.default",
            "module.lb-http.google_compute_global_address.default",
            "module.lb-http.google_compute_target_http_proxy.default",
            "module.lb-http.google_compute_url_map.default",
            "module.lb-http.google_compute_url_map.https_redirect"
          ]
        }
      ]
    },
    {
      "module": "module.lb-http",
      "mode": "managed",
      "type": "google_compute_target_http_proxy",
      "name": "default",
      "provider": "provider[\"registry.terraform.io/hashicorp/google\"]",
      "instances": [
        {
          "index_key": 0,
          "schema_version": 0,
          "attributes": {
            "creation_timestamp": "2021-12-14T16:37:06.689-08:00",
            "description": "",
            "id": "projects/cloudy-lab/global/targetHttpProxies/restme-http-proxy",
            "name": "restme-http-proxy",
            "project": "cloudy-lab",
            "proxy_bind": false,
            "proxy_id": 8627483922316691037,
            "self_link": "https://www.googleapis.com/compute/v1/projects/cloudy-lab/global/targetHttpProxies/restme-http-proxy",
            "timeouts": null,
            "url_map": "https://www.googleapis.com/compute/v1/projects/cloudy-lab/global/urlMaps/restme-url-map"
          },
          "sensitive_attributes": [],
          "private": "eyJlMmJmYjczMC1lY2FhLTExZTYtOGY4OC0zNDM2M2JjN2M0YzAiOnsiY3JlYXRlIjoyNDAwMDAwMDAwMDAsImRlbGV0ZSI6MjQwMDAwMDAwMDAwLCJ1cGRhdGUiOjI0MDAwMDAwMDAwMH19",
          "dependencies": [
            "data.google_cloud_run_locations.default",
            "google_cloud_run_service.default",
            "google_compute_region_network_endpoint_group.default",
            "module.lb-http.google_compute_backend_service.default",
            "module.lb-http.google_compute_url_map.default",
            "module.lb-http.google_compute_url_map.https_redirect"
          ]
        }
      ]
    },
    {
      "module": "module.lb-http",
      "mode": "managed",
      "type": "google_compute_url_map",
      "name": "default",
      "provider": "provider[\"registry.terraform.io/hashicorp/google\"]",
      "instances": [
        {
          "index_key": 0,
          "schema_version": 0,
          "attributes": {
            "creation_timestamp": "2021-12-14T16:36:55.390-08:00",
            "default_route_action": [],
            "default_service": "https://www.googleapis.com/compute/v1/projects/cloudy-lab/global/backendServices/restme-backend-default",
            "default_url_redirect": [],
            "description": "",
            "fingerprint": "NDuA4UQ0nDw=",
            "header_action": [],
            "host_rule": [],
            "id": "projects/cloudy-lab/global/urlMaps/restme-url-map",
            "map_id": 159912957169665608,
            "name": "restme-url-map",
            "path_matcher": [],
            "project": "cloudy-lab",
            "self_link": "https://www.googleapis.com/compute/v1/projects/cloudy-lab/global/urlMaps/restme-url-map",
            "test": [],
            "timeouts": null
          },
          "sensitive_attributes": [],
          "private": "eyJlMmJmYjczMC1lY2FhLTExZTYtOGY4OC0zNDM2M2JjN2M0YzAiOnsiY3JlYXRlIjoyNDAwMDAwMDAwMDAsImRlbGV0ZSI6MjQwMDAwMDAwMDAwLCJ1cGRhdGUiOjI0MDAwMDAwMDAwMH19",
          "dependencies": [
            "data.google_cloud_run_locations.default",
            "google_cloud_run_service.default",
            "google_compute_region_network_endpoint_group.default",
            "module.lb-http.google_compute_backend_service.default"
          ]
        }
      ]
    }
  ]
}
